// !$*UTF8*$!
{
	archiveVersion = 1;
	classes = {
	};
	objectVersion = 55;
	objects = {

/* Begin PBXBuildFile section */
		11C655BD04BEF629B532B4AA /* UnitTestSteps.swift in Sources */ = {isa = PBXBuildFile; fileRef = 5F349B3D574F043B21907917 /* UnitTestSteps.swift */; };
		14E44280E55AE6F221CEF117 /* UnitTestSteps.swift in Sources */ = {isa = PBXBuildFile; fileRef = 5F349B3D574F043B21907917 /* UnitTestSteps.swift */; };
		185951DFCEC2A1C480656235 /* UITestSteps.swift in Sources */ = {isa = PBXBuildFile; fileRef = 005D1369BD1A9DCC2AD1E80D /* UITestSteps.swift */; };
		238264696C12204C8C11E285 /* ParallelFixtureSupport.swift in Sources */ = {isa = PBXBuildFile; fileRef = 5C80C8FC3A4EA83A9DD2C72D /* ParallelFixtureSupport.swift */; };
		242AA6AB67457121605E63CB /* Features in Resources */ = {isa = PBXBuildFile; fileRef = C7FE1E1198D3F7617311C40F /* Features */; };
		25AA7961CE2C338A6C7EFDBD /* CucumberSwift in Frameworks */ = {isa = PBXBuildFile; productRef = A39B1A773D0D126CAAE69F80 /* CucumberSwift */; };
		27642C161FE5217A17CB0C03 /* ParallelFixtureSupport.swift in Sources */ = {isa = PBXBuildFile; fileRef = 5C80C8FC3A4EA83A9DD2C72D /* ParallelFixtureSupport.swift */; };
		29317F6DF208055FDD440FC0 /* UITestSteps.swift in Sources */ = {isa = PBXBuildFile; fileRef = 005D1369BD1A9DCC2AD1E80D /* UITestSteps.swift */; };
		2DAB606A489D7B492B975B86 /* UnitTestSteps.swift in Sources */ = {isa = PBXBuildFile; fileRef = 5F349B3D574F043B21907917 /* UnitTestSteps.swift */; };
		32DF3F20540D57C799C8D7C9 /* Features in Resources */ = {isa = PBXBuildFile; fileRef = C7FE1E1198D3F7617311C40F /* Features */; };
		5CFF05E2926D9A8922006776 /* ParallelFixtureSupport.swift in Sources */ = {isa = PBXBuildFile; fileRef = 5C80C8FC3A4EA83A9DD2C72D /* ParallelFixtureSupport.swift */; };
		5EDCD324ABEEAE0FD4A39C6D /* ParallelFixtureSupport.swift in Sources */ = {isa = PBXBuildFile; fileRef = 5C80C8FC3A4EA83A9DD2C72D /* ParallelFixtureSupport.swift */; };
		659354317C3B6E26D60727E7 /* CucumberSwift in Frameworks */ = {isa = PBXBuildFile; productRef = E0A6B6BD25D52FCB77059478 /* CucumberSwift */; };
		67430F04C2D00C62F8E98968 /* Features in Resources */ = {isa = PBXBuildFile; fileRef = C7FE1E1198D3F7617311C40F /* Features */; };
		6B8B1790D43A58E0E600EDC7 /* ParallelFixtureApp.swift in Sources */ = {isa = PBXBuildFile; fileRef = 574320C0858C47366FA64777 /* ParallelFixtureApp.swift */; };
		6C417EB9888AC4920569A117 /* CucumberSwift in Frameworks */ = {isa = PBXBuildFile; productRef = 3D90CD849D10B290CD6E3D22 /* CucumberSwift */; };
		7A03A4281B178D1195C2A023 /* Features in Resources */ = {isa = PBXBuildFile; fileRef = C7FE1E1198D3F7617311C40F /* Features */; };
		7C2AABA2BD561738C878B7BB /* UITestSteps.swift in Sources */ = {isa = PBXBuildFile; fileRef = 005D1369BD1A9DCC2AD1E80D /* UITestSteps.swift */; };
		83E7CB535AA0E90A25875B15 /* ParallelFixtureSupport.swift in Sources */ = {isa = PBXBuildFile; fileRef = 5C80C8FC3A4EA83A9DD2C72D /* ParallelFixtureSupport.swift */; };
		851F5BB63BB51164240CFF3F /* Features in Resources */ = {isa = PBXBuildFile; fileRef = C7FE1E1198D3F7617311C40F /* Features */; };
		86DE11BF5FAE18B294175F0C /* CucumberSwift in Frameworks */ = {isa = PBXBuildFile; productRef = 9633706050356E6E06B60C9B /* CucumberSwift */; };
		87CFBA5D899868C9F14D6311 /* CucumberSwift in Frameworks */ = {isa = PBXBuildFile; productRef = 7F1939F76CC1B46E8BBD8403 /* CucumberSwift */; };
		88D684B5F9F5F9414FB3DFAB /* UnitTestSteps.swift in Sources */ = {isa = PBXBuildFile; fileRef = 5F349B3D574F043B21907917 /* UnitTestSteps.swift */; };
		89DFBED8F39725484C374ABC /* Features in Resources */ = {isa = PBXBuildFile; fileRef = C7FE1E1198D3F7617311C40F /* Features */; };
		92E1A10580A28DE039D6B5C6 /* CucumberSwift in Frameworks */ = {isa = PBXBuildFile; productRef = FE25F72350DFF7DBE23219DD /* CucumberSwift */; };
		9AAD4DAB762FB95A44CC0CD2 /* CucumberSwift in Frameworks */ = {isa = PBXBuildFile; productRef = DE781ACCE52C2CDCF1251E1A /* CucumberSwift */; };
		A19C341678F1D5A38FCA6389 /* ParallelFixtureSupport.swift in Sources */ = {isa = PBXBuildFile; fileRef = 5C80C8FC3A4EA83A9DD2C72D /* ParallelFixtureSupport.swift */; };
		A429464A418A683BCFFED1D0 /* ParallelFixtureSupport.swift in Sources */ = {isa = PBXBuildFile; fileRef = 5C80C8FC3A4EA83A9DD2C72D /* ParallelFixtureSupport.swift */; };
		A6838B5F1E9DD0384AC2351D /* CucumberSwift in Frameworks */ = {isa = PBXBuildFile; productRef = 3AA25AA614DD5958A50E89D1 /* CucumberSwift */; };
		A9D13517D9C922FCFE6EB6B1 /* ParallelFixtureApp.swift in Sources */ = {isa = PBXBuildFile; fileRef = 574320C0858C47366FA64777 /* ParallelFixtureApp.swift */; };
		B4AD9E559F3EE60BD9D820B3 /* UnitTestSteps.swift in Sources */ = {isa = PBXBuildFile; fileRef = 5F349B3D574F043B21907917 /* UnitTestSteps.swift */; };
		B53BC6FF81233AF4B3D55E13 /* ParallelFixtureApp.swift in Sources */ = {isa = PBXBuildFile; fileRef = 574320C0858C47366FA64777 /* ParallelFixtureApp.swift */; };
		B6D55E20930F85048BA2E805 /* ParallelFixtureSupport.swift in Sources */ = {isa = PBXBuildFile; fileRef = 5C80C8FC3A4EA83A9DD2C72D /* ParallelFixtureSupport.swift */; };
		D33848E02BC92599D38C6F64 /* Features in Resources */ = {isa = PBXBuildFile; fileRef = C7FE1E1198D3F7617311C40F /* Features */; };
		D792CB2B142670F1957D71C1 /* UnitTestSteps.swift in Sources */ = {isa = PBXBuildFile; fileRef = 5F349B3D574F043B21907917 /* UnitTestSteps.swift */; };
		DA5ADE50709E490A14BEDB88 /* Features in Resources */ = {isa = PBXBuildFile; fileRef = C7FE1E1198D3F7617311C40F /* Features */; };
		E1F2246F99933CF1C1C7A14F /* Features in Resources */ = {isa = PBXBuildFile; fileRef = C7FE1E1198D3F7617311C40F /* Features */; };
		F347B483DC4803494F6FDF17 /* CucumberSwift in Frameworks */ = {isa = PBXBuildFile; productRef = 6E2298D22D5C80FF904C7D77 /* CucumberSwift */; };
		F84F1215030682C61D218667 /* ParallelFixtureSupport.swift in Sources */ = {isa = PBXBuildFile; fileRef = 5C80C8FC3A4EA83A9DD2C72D /* ParallelFixtureSupport.swift */; };
/* End PBXBuildFile section */

/* Begin PBXContainerItemProxy section */
		2DBC2D28D86C98E7846C9D34 /* PBXContainerItemProxy */ = {
			isa = PBXContainerItemProxy;
			containerPortal = 142147ACD417611C1A01FAC7 /* Project object */;
			proxyType = 1;
			remoteGlobalIDString = 1B72FBE986294055DC1735F3;
			remoteInfo = ParallelFixtureAppMac;
		};
		3D7857A0587415B4A6A9AD78 /* PBXContainerItemProxy */ = {
			isa = PBXContainerItemProxy;
			containerPortal = 142147ACD417611C1A01FAC7 /* Project object */;
			proxyType = 1;
			remoteGlobalIDString = E9722115859B64AA59145D3C;
			remoteInfo = ParallelFixtureAppTV;
		};
		7CD463526F2184AFCBB907DB /* PBXContainerItemProxy */ = {
			isa = PBXContainerItemProxy;
			containerPortal = 142147ACD417611C1A01FAC7 /* Project object */;
			proxyType = 1;
			remoteGlobalIDString = FC4F37E4A4EE9D6B668AAE84;
			remoteInfo = ParallelFixtureApp;
		};
		7F01A61891D95A3C7E4DFDF3 /* PBXContainerItemProxy */ = {
			isa = PBXContainerItemProxy;
			containerPortal = 142147ACD417611C1A01FAC7 /* Project object */;
			proxyType = 1;
			remoteGlobalIDString = E9722115859B64AA59145D3C;
			remoteInfo = ParallelFixtureAppTV;
		};
		866A06B804D3A8C6F2E19287 /* PBXContainerItemProxy */ = {
			isa = PBXContainerItemProxy;
			containerPortal = 142147ACD417611C1A01FAC7 /* Project object */;
			proxyType = 1;
			remoteGlobalIDString = FC4F37E4A4EE9D6B668AAE84;
			remoteInfo = ParallelFixtureApp;
		};
		CD412D33D374C9F0D1507F98 /* PBXContainerItemProxy */ = {
			isa = PBXContainerItemProxy;
			containerPortal = 142147ACD417611C1A01FAC7 /* Project object */;
			proxyType = 1;
			remoteGlobalIDString = 1B72FBE986294055DC1735F3;
			remoteInfo = ParallelFixtureAppMac;
		};
/* End PBXContainerItemProxy section */

/* Begin PBXCopyFilesBuildPhase section */
		05310DBE90C81FCC5B821C33 /* Embed Frameworks */ = {
			isa = PBXCopyFilesBuildPhase;
			buildActionMask = 2147483647;
			dstPath = "";
			dstSubfolderSpec = 10;
			files = (
			);
			name = "Embed Frameworks";
			runOnlyForDeploymentPostprocessing = 0;
		};
		2BBAD7CE7B3495BFE89FBF43 /* Embed Frameworks */ = {
			isa = PBXCopyFilesBuildPhase;
			buildActionMask = 2147483647;
			dstPath = "";
			dstSubfolderSpec = 10;
			files = (
			);
			name = "Embed Frameworks";
			runOnlyForDeploymentPostprocessing = 0;
		};
		491F4B4EF9BC6569D2E3CD1B /* Embed Frameworks */ = {
			isa = PBXCopyFilesBuildPhase;
			buildActionMask = 2147483647;
			dstPath = "";
			dstSubfolderSpec = 10;
			files = (
			);
			name = "Embed Frameworks";
			runOnlyForDeploymentPostprocessing = 0;
		};
		7F1CE709663B0E12F9DCA823 /* Embed Frameworks */ = {
			isa = PBXCopyFilesBuildPhase;
			buildActionMask = 2147483647;
			dstPath = "";
			dstSubfolderSpec = 10;
			files = (
			);
			name = "Embed Frameworks";
			runOnlyForDeploymentPostprocessing = 0;
		};
		7F5FDE9AFBB870EAA1401955 /* Embed Frameworks */ = {
			isa = PBXCopyFilesBuildPhase;
			buildActionMask = 2147483647;
			dstPath = "";
			dstSubfolderSpec = 10;
			files = (
			);
			name = "Embed Frameworks";
			runOnlyForDeploymentPostprocessing = 0;
		};
		81F8FA0E470F20F89AD9312E /* Embed Frameworks */ = {
			isa = PBXCopyFilesBuildPhase;
			buildActionMask = 2147483647;
			dstPath = "";
			dstSubfolderSpec = 10;
			files = (
			);
			name = "Embed Frameworks";
			runOnlyForDeploymentPostprocessing = 0;
		};
		8CCC25D5495330742CA567F2 /* Embed Frameworks */ = {
			isa = PBXCopyFilesBuildPhase;
			buildActionMask = 2147483647;
			dstPath = "";
			dstSubfolderSpec = 10;
			files = (
			);
			name = "Embed Frameworks";
			runOnlyForDeploymentPostprocessing = 0;
		};
		BF9E15BE724E9861343FB64A /* Embed Frameworks */ = {
			isa = PBXCopyFilesBuildPhase;
			buildActionMask = 2147483647;
			dstPath = "";
			dstSubfolderSpec = 10;
			files = (
			);
			name = "Embed Frameworks";
			runOnlyForDeploymentPostprocessing = 0;
		};
		C6B25B3181D1F30C410EC092 /* Embed Frameworks */ = {
			isa = PBXCopyFilesBuildPhase;
			buildActionMask = 2147483647;
			dstPath = "";
			dstSubfolderSpec = 10;
			files = (
			);
			name = "Embed Frameworks";
			runOnlyForDeploymentPostprocessing = 0;
		};
		EBED2F4422620877D97A2868 /* Embed Frameworks */ = {
			isa = PBXCopyFilesBuildPhase;
			buildActionMask = 2147483647;
			dstPath = "";
			dstSubfolderSpec = 10;
			files = (
			);
			name = "Embed Frameworks";
			runOnlyForDeploymentPostprocessing = 0;
		};
		F0DF725F4C6D7D69A6B12182 /* Embed Frameworks */ = {
			isa = PBXCopyFilesBuildPhase;
			buildActionMask = 2147483647;
			dstPath = "";
			dstSubfolderSpec = 10;
			files = (
			);
			name = "Embed Frameworks";
			runOnlyForDeploymentPostprocessing = 0;
		};
		F80F9B5DCDD2DE557C043429 /* Embed Frameworks */ = {
			isa = PBXCopyFilesBuildPhase;
			buildActionMask = 2147483647;
			dstPath = "";
			dstSubfolderSpec = 10;
			files = (
			);
			name = "Embed Frameworks";
			runOnlyForDeploymentPostprocessing = 0;
		};
/* End PBXCopyFilesBuildPhase section */

/* Begin PBXFileReference section */
		005D1369BD1A9DCC2AD1E80D /* UITestSteps.swift */ = {isa = PBXFileReference; lastKnownFileType = sourcecode.swift; path = UITestSteps.swift; sourceTree = "<group>"; };
		0FA865276FAB478C9992D005 /* ParallelUITestsMac-Info.plist */ = {isa = PBXFileReference; lastKnownFileType = text.plist; path = "ParallelUITestsMac-Info.plist"; sourceTree = "<group>"; };
		34A8C9CF5CC354E34DE76047 /* ParallelFixtureApp-Info.plist */ = {isa = PBXFileReference; lastKnownFileType = text.plist; path = "ParallelFixtureApp-Info.plist"; sourceTree = "<group>"; };
		3597D794BCB94D64659BDB37 /* ParallelHostlessTestsTV-Info.plist */ = {isa = PBXFileReference; lastKnownFileType = text.plist; path = "ParallelHostlessTestsTV-Info.plist"; sourceTree = "<group>"; };
		4B107304F243E059F5ED2923 /* cucumberswift-parallel-execution-c02a02 */ = {isa = PBXFileReference; lastKnownFileType = folder; name = "cucumberswift-parallel-execution-c02a02"; path = ../..; sourceTree = "<group>"; };
		4D5C3A955F6C3461ACC407C2 /* ParallelUITestsTV.xctest */ = {isa = PBXFileReference; explicitFileType = wrapper.cfbundle; includeInIndex = 0; path = ParallelUITestsTV.xctest; sourceTree = BUILT_PRODUCTS_DIR; };
		537387034BB3B0BB69EBC480 /* ParallelHostedTests.xctest */ = {isa = PBXFileReference; explicitFileType = wrapper.cfbundle; includeInIndex = 0; path = ParallelHostedTests.xctest; sourceTree = BUILT_PRODUCTS_DIR; };
		55C397603CDDA1262B2F8E90 /* ParallelHostlessTestsMac-Info.plist */ = {isa = PBXFileReference; lastKnownFileType = text.plist; path = "ParallelHostlessTestsMac-Info.plist"; sourceTree = "<group>"; };
		574320C0858C47366FA64777 /* ParallelFixtureApp.swift */ = {isa = PBXFileReference; lastKnownFileType = sourcecode.swift; path = ParallelFixtureApp.swift; sourceTree = "<group>"; };
		598D27A22A33D421D063FC81 /* ParallelFixtureAppTV.app */ = {isa = PBXFileReference; explicitFileType = wrapper.application; includeInIndex = 0; path = ParallelFixtureAppTV.app; sourceTree = BUILT_PRODUCTS_DIR; };
		5C80C8FC3A4EA83A9DD2C72D /* ParallelFixtureSupport.swift */ = {isa = PBXFileReference; lastKnownFileType = sourcecode.swift; path = ParallelFixtureSupport.swift; sourceTree = "<group>"; };
		5E1AFADAD5D29FBF5D221CFB /* ParallelFixtureAppMac.app */ = {isa = PBXFileReference; explicitFileType = wrapper.application; includeInIndex = 0; path = ParallelFixtureAppMac.app; sourceTree = BUILT_PRODUCTS_DIR; };
		5F349B3D574F043B21907917 /* UnitTestSteps.swift */ = {isa = PBXFileReference; lastKnownFileType = sourcecode.swift; path = UnitTestSteps.swift; sourceTree = "<group>"; };
		68BC350558B05A8F96FA3C98 /* ParallelFixtureApp.app */ = {isa = PBXFileReference; explicitFileType = wrapper.application; includeInIndex = 0; path = ParallelFixtureApp.app; sourceTree = BUILT_PRODUCTS_DIR; };
		7CFDFE955C6B3695C390129F /* ParallelUITests-Info.plist */ = {isa = PBXFileReference; lastKnownFileType = text.plist; path = "ParallelUITests-Info.plist"; sourceTree = "<group>"; };
		84356DC111E332A2216DA383 /* ParallelHostedTestsMac.xctest */ = {isa = PBXFileReference; explicitFileType = wrapper.cfbundle; includeInIndex = 0; path = ParallelHostedTestsMac.xctest; sourceTree = BUILT_PRODUCTS_DIR; };
		89D2F301F2B16D39EEDA2431 /* ParallelUITestsTV-Info.plist */ = {isa = PBXFileReference; lastKnownFileType = text.plist; path = "ParallelUITestsTV-Info.plist"; sourceTree = "<group>"; };
		8B55DBA5CD41FD12F9ABF629 /* ParallelHostlessTestsMac.xctest */ = {isa = PBXFileReference; explicitFileType = wrapper.cfbundle; includeInIndex = 0; path = ParallelHostlessTestsMac.xctest; sourceTree = BUILT_PRODUCTS_DIR; };
		9DC737EF5C9D987C57EE22E9 /* ParallelHostlessTests-Info.plist */ = {isa = PBXFileReference; lastKnownFileType = text.plist; path = "ParallelHostlessTests-Info.plist"; sourceTree = "<group>"; };
		A1FA0EC7798BF298A4603115 /* ParallelHostedTestsTV-Info.plist */ = {isa = PBXFileReference; lastKnownFileType = text.plist; path = "ParallelHostedTestsTV-Info.plist"; sourceTree = "<group>"; };
		AE575E9AA38A15FCBC0B1D9A /* ParallelHostedTestsTV.xctest */ = {isa = PBXFileReference; explicitFileType = wrapper.cfbundle; includeInIndex = 0; path = ParallelHostedTestsTV.xctest; sourceTree = BUILT_PRODUCTS_DIR; };
		C006B0C09D6CBC510B27958A /* ParallelHostedTests-Info.plist */ = {isa = PBXFileReference; lastKnownFileType = text.plist; path = "ParallelHostedTests-Info.plist"; sourceTree = "<group>"; };
		C04BC82C90058767DFFDD93E /* ParallelFixtureAppMac-Info.plist */ = {isa = PBXFileReference; lastKnownFileType = text.plist; path = "ParallelFixtureAppMac-Info.plist"; sourceTree = "<group>"; };
		C7FE1E1198D3F7617311C40F /* Features */ = {isa = PBXFileReference; path = Features; sourceTree = "<group>"; };
		C97D53F1023ADE88603C00D7 /* ParallelUITests.xctest */ = {isa = PBXFileReference; explicitFileType = wrapper.cfbundle; includeInIndex = 0; path = ParallelUITests.xctest; sourceTree = BUILT_PRODUCTS_DIR; };
		CBDFC2E17650C568435D232F /* ParallelHostedTestsMac-Info.plist */ = {isa = PBXFileReference; lastKnownFileType = text.plist; path = "ParallelHostedTestsMac-Info.plist"; sourceTree = "<group>"; };
		D652E931BD19F53934B35805 /* ParallelHostlessTests.xctest */ = {isa = PBXFileReference; explicitFileType = wrapper.cfbundle; includeInIndex = 0; path = ParallelHostlessTests.xctest; sourceTree = BUILT_PRODUCTS_DIR; };
		D9B2658378B055EB27DEF2DF /* ParallelUITestsMac.xctest */ = {isa = PBXFileReference; explicitFileType = wrapper.cfbundle; includeInIndex = 0; path = ParallelUITestsMac.xctest; sourceTree = BUILT_PRODUCTS_DIR; };
		DC9A6D699BFAB72185E71A7C /* ParallelHostlessTestsTV.xctest */ = {isa = PBXFileReference; explicitFileType = wrapper.cfbundle; includeInIndex = 0; path = ParallelHostlessTestsTV.xctest; sourceTree = BUILT_PRODUCTS_DIR; };
		E4C61A9B3FACB1ADEF19CDD2 /* ParallelFixtureAppTV-Info.plist */ = {isa = PBXFileReference; lastKnownFileType = text.plist; path = "ParallelFixtureAppTV-Info.plist"; sourceTree = "<group>"; };
/* End PBXFileReference section */

/* Begin PBXFrameworksBuildPhase section */
		0C706E88624F874D13DC73BF /* Frameworks */ = {
			isa = PBXFrameworksBuildPhase;
			buildActionMask = 2147483647;
			files = (
			);
			runOnlyForDeploymentPostprocessing = 0;
		};
		3E1179603CF6EAF5B7FC81DF /* Frameworks */ = {
			isa = PBXFrameworksBuildPhase;
			buildActionMask = 2147483647;
			files = (
			);
			runOnlyForDeploymentPostprocessing = 0;
		};
		42E85F67276ED6871A6CA8A4 /* Frameworks */ = {
			isa = PBXFrameworksBuildPhase;
			buildActionMask = 2147483647;
			files = (
				6C417EB9888AC4920569A117 /* CucumberSwift in Frameworks */,
			);
			runOnlyForDeploymentPostprocessing = 0;
		};
		57EF0461865FCED3CB5C5D1A /* Frameworks */ = {
			isa = PBXFrameworksBuildPhase;
			buildActionMask = 2147483647;
			files = (
				A6838B5F1E9DD0384AC2351D /* CucumberSwift in Frameworks */,
			);
			runOnlyForDeploymentPostprocessing = 0;
		};
		59F6DAC34F0C2AA08AA11EEC /* Frameworks */ = {
			isa = PBXFrameworksBuildPhase;
			buildActionMask = 2147483647;
			files = (
				92E1A10580A28DE039D6B5C6 /* CucumberSwift in Frameworks */,
			);
			runOnlyForDeploymentPostprocessing = 0;
		};
		82F4320146573E64C84E64C7 /* Frameworks */ = {
			isa = PBXFrameworksBuildPhase;
			buildActionMask = 2147483647;
			files = (
				87CFBA5D899868C9F14D6311 /* CucumberSwift in Frameworks */,
			);
			runOnlyForDeploymentPostprocessing = 0;
		};
		85D7DBD83D2E2F7E588AA7F7 /* Frameworks */ = {
			isa = PBXFrameworksBuildPhase;
			buildActionMask = 2147483647;
			files = (
				F347B483DC4803494F6FDF17 /* CucumberSwift in Frameworks */,
			);
			runOnlyForDeploymentPostprocessing = 0;
		};
		9BBB44DF3C3CCDFE5F1514B4 /* Frameworks */ = {
			isa = PBXFrameworksBuildPhase;
			buildActionMask = 2147483647;
			files = (
				25AA7961CE2C338A6C7EFDBD /* CucumberSwift in Frameworks */,
			);
			runOnlyForDeploymentPostprocessing = 0;
		};
		A26747D67E62756E05145756 /* Frameworks */ = {
			isa = PBXFrameworksBuildPhase;
			buildActionMask = 2147483647;
			files = (
				9AAD4DAB762FB95A44CC0CD2 /* CucumberSwift in Frameworks */,
			);
			runOnlyForDeploymentPostprocessing = 0;
		};
		A459612A88DEC12C13ADBFB0 /* Frameworks */ = {
			isa = PBXFrameworksBuildPhase;
			buildActionMask = 2147483647;
			files = (
			);
			runOnlyForDeploymentPostprocessing = 0;
		};
		F1A7947488572C1437C68D9E /* Frameworks */ = {
			isa = PBXFrameworksBuildPhase;
			buildActionMask = 2147483647;
			files = (
				659354317C3B6E26D60727E7 /* CucumberSwift in Frameworks */,
			);
			runOnlyForDeploymentPostprocessing = 0;
		};
		F419B03D15FA157CD302EC42 /* Frameworks */ = {
			isa = PBXFrameworksBuildPhase;
			buildActionMask = 2147483647;
			files = (
				86DE11BF5FAE18B294175F0C /* CucumberSwift in Frameworks */,
			);
			runOnlyForDeploymentPostprocessing = 0;
		};
/* End PBXFrameworksBuildPhase section */

/* Begin PBXGroup section */
		258B15D4DB2B63F2AC3AB888 /* Project */ = {
			isa = PBXGroup;
			children = (
				425DAD4E6721BD2E3A0244FA /* App */,
				724DBDECF8274B3691D6E6DD /* Derived */,
				5C72D45C58AB0E23F941C865 /* Support */,
				E8E7192DCF5091D44AFE48F5 /* UITests */,
				399C4709A8B707ABF08822DE /* UnitTests */,
				C7FE1E1198D3F7617311C40F /* Features */,
			);
			name = Project;
			sourceTree = "<group>";
		};
		26DC247B5A6D2CBD9037AA21 /* Products */ = {
			isa = PBXGroup;
			children = (
				68BC350558B05A8F96FA3C98 /* ParallelFixtureApp.app */,
				5E1AFADAD5D29FBF5D221CFB /* ParallelFixtureAppMac.app */,
				598D27A22A33D421D063FC81 /* ParallelFixtureAppTV.app */,
				537387034BB3B0BB69EBC480 /* ParallelHostedTests.xctest */,
				84356DC111E332A2216DA383 /* ParallelHostedTestsMac.xctest */,
				AE575E9AA38A15FCBC0B1D9A /* ParallelHostedTestsTV.xctest */,
				D652E931BD19F53934B35805 /* ParallelHostlessTests.xctest */,
				8B55DBA5CD41FD12F9ABF629 /* ParallelHostlessTestsMac.xctest */,
				DC9A6D699BFAB72185E71A7C /* ParallelHostlessTestsTV.xctest */,
				C97D53F1023ADE88603C00D7 /* ParallelUITests.xctest */,
				D9B2658378B055EB27DEF2DF /* ParallelUITestsMac.xctest */,
				4D5C3A955F6C3461ACC407C2 /* ParallelUITestsTV.xctest */,
			);
			name = Products;
			sourceTree = "<group>";
		};
		28D05A12F1A6A171BFB21954 /* InfoPlists */ = {
			isa = PBXGroup;
			children = (
				34A8C9CF5CC354E34DE76047 /* ParallelFixtureApp-Info.plist */,
				C04BC82C90058767DFFDD93E /* ParallelFixtureAppMac-Info.plist */,
				E4C61A9B3FACB1ADEF19CDD2 /* ParallelFixtureAppTV-Info.plist */,
				C006B0C09D6CBC510B27958A /* ParallelHostedTests-Info.plist */,
				CBDFC2E17650C568435D232F /* ParallelHostedTestsMac-Info.plist */,
				A1FA0EC7798BF298A4603115 /* ParallelHostedTestsTV-Info.plist */,
				9DC737EF5C9D987C57EE22E9 /* ParallelHostlessTests-Info.plist */,
				55C397603CDDA1262B2F8E90 /* ParallelHostlessTestsMac-Info.plist */,
				3597D794BCB94D64659BDB37 /* ParallelHostlessTestsTV-Info.plist */,
				7CFDFE955C6B3695C390129F /* ParallelUITests-Info.plist */,
				0FA865276FAB478C9992D005 /* ParallelUITestsMac-Info.plist */,
				89D2F301F2B16D39EEDA2431 /* ParallelUITestsTV-Info.plist */,
			);
			path = InfoPlists;
			sourceTree = "<group>";
		};
		399C4709A8B707ABF08822DE /* UnitTests */ = {
			isa = PBXGroup;
			children = (
				5F349B3D574F043B21907917 /* UnitTestSteps.swift */,
			);
			path = UnitTests;
			sourceTree = "<group>";
		};
		4101C7661565BA87CE2C1836 = {
			isa = PBXGroup;
			children = (
				26DC247B5A6D2CBD9037AA21 /* Products */,
				258B15D4DB2B63F2AC3AB888 /* Project */,
				A415517A1900ADBCAAE9F394 /* Packages */,
			);
			sourceTree = "<group>";
		};
		425DAD4E6721BD2E3A0244FA /* App */ = {
			isa = PBXGroup;
			children = (
				574320C0858C47366FA64777 /* ParallelFixtureApp.swift */,
			);
			path = App;
			sourceTree = "<group>";
		};
		5C72D45C58AB0E23F941C865 /* Support */ = {
			isa = PBXGroup;
			children = (
				5C80C8FC3A4EA83A9DD2C72D /* ParallelFixtureSupport.swift */,
			);
			path = Support;
			sourceTree = "<group>";
		};
		724DBDECF8274B3691D6E6DD /* Derived */ = {
			isa = PBXGroup;
			children = (
				28D05A12F1A6A171BFB21954 /* InfoPlists */,
			);
			path = Derived;
			sourceTree = "<group>";
		};
		A415517A1900ADBCAAE9F394 /* Packages */ = {
			isa = PBXGroup;
			children = (
				4B107304F243E059F5ED2923 /* cucumberswift-parallel-execution-c02a02 */,
			);
			name = Packages;
			sourceTree = "<group>";
		};
		E8E7192DCF5091D44AFE48F5 /* UITests */ = {
			isa = PBXGroup;
			children = (
				005D1369BD1A9DCC2AD1E80D /* UITestSteps.swift */,
			);
			path = UITests;
			sourceTree = "<group>";
		};
/* End PBXGroup section */

/* Begin PBXNativeTarget section */
		17A6E1344365334FACD788D2 /* ParallelHostlessTests */ = {
			isa = PBXNativeTarget;
			buildConfigurationList = B3A385D481D294167B0BCED7 /* Build configuration list for PBXNativeTarget "ParallelHostlessTests" */;
			buildPhases = (
				D0A4A7B59F1892DBAFEE0126 /* Sources */,
				BFBAC1D9C9A282B70ED5E46D /* Resources */,
				85D7DBD83D2E2F7E588AA7F7 /* Frameworks */,
				C6B25B3181D1F30C410EC092 /* Embed Frameworks */,
			);
			buildRules = (
			);
			dependencies = (
			);
			name = ParallelHostlessTests;
			packageProductDependencies = (
				6E2298D22D5C80FF904C7D77 /* CucumberSwift */,
			);
			productName = ParallelHostlessTests;
			productReference = D652E931BD19F53934B35805 /* ParallelHostlessTests.xctest */;
			productType = "com.apple.product-type.bundle.unit-test";
		};
		1B72FBE986294055DC1735F3 /* ParallelFixtureAppMac */ = {
			isa = PBXNativeTarget;
			buildConfigurationList = D6C3D20D6360C504D46E90F0 /* Build configuration list for PBXNativeTarget "ParallelFixtureAppMac" */;
			buildPhases = (
				0F6199E9DB9763AC7AFA93C0 /* Sources */,
				64875F3457692B8CC8A78B0A /* Resources */,
				3E1179603CF6EAF5B7FC81DF /* Frameworks */,
				BF9E15BE724E9861343FB64A /* Embed Frameworks */,
			);
			buildRules = (
			);
			dependencies = (
			);
			name = ParallelFixtureAppMac;
			packageProductDependencies = (
			);
			productName = ParallelFixtureAppMac;
			productReference = 5E1AFADAD5D29FBF5D221CFB /* ParallelFixtureAppMac.app */;
			productType = "com.apple.product-type.application";
		};
		85EA20A3A8768AB840F251A0 /* ParallelHostedTestsMac */ = {
			isa = PBXNativeTarget;
			buildConfigurationList = 21A258DFCC19C9C56AC4BAD9 /* Build configuration list for PBXNativeTarget "ParallelHostedTestsMac" */;
			buildPhases = (
				44DDC87AFACA1EC4D29102E3 /* Sources */,
				EAA44A3E9ED3C2D75169A0E8 /* Resources */,
				59F6DAC34F0C2AA08AA11EEC /* Frameworks */,
				81F8FA0E470F20F89AD9312E /* Embed Frameworks */,
			);
			buildRules = (
			);
			dependencies = (
				798C747116C008472701FDC9 /* PBXTargetDependency */,
			);
			name = ParallelHostedTestsMac;
			packageProductDependencies = (
				FE25F72350DFF7DBE23219DD /* CucumberSwift */,
			);
			productName = ParallelHostedTestsMac;
			productReference = 84356DC111E332A2216DA383 /* ParallelHostedTestsMac.xctest */;
			productType = "com.apple.product-type.bundle.unit-test";
		};
		A0A0FD3964AA56C2EC6FE85D /* ParallelHostlessTestsMac */ = {
			isa = PBXNativeTarget;
			buildConfigurationList = C8194672981E5D8FD41C9E96 /* Build configuration list for PBXNativeTarget "ParallelHostlessTestsMac" */;
			buildPhases = (
				EBC658B29C3CC01CBF45A4A9 /* Sources */,
				96FCC14A05E0C5423CE0A209 /* Resources */,
				42E85F67276ED6871A6CA8A4 /* Frameworks */,
				8CCC25D5495330742CA567F2 /* Embed Frameworks */,
			);
			buildRules = (
			);
			dependencies = (
			);
			name = ParallelHostlessTestsMac;
			packageProductDependencies = (
				3D90CD849D10B290CD6E3D22 /* CucumberSwift */,
			);
			productName = ParallelHostlessTestsMac;
			productReference = 8B55DBA5CD41FD12F9ABF629 /* ParallelHostlessTestsMac.xctest */;
			productType = "com.apple.product-type.bundle.unit-test";
		};
		AA4F4548D263DF106EEF8C49 /* ParallelHostedTests */ = {
			isa = PBXNativeTarget;
			buildConfigurationList = F33B8425ECB7CC6C1D5B844F /* Build configuration list for PBXNativeTarget "ParallelHostedTests" */;
			buildPhases = (
				07DDFF946DB3583A221A0CCA /* Sources */,
				B1FF9F2FEA509B724C0C8073 /* Resources */,
				F419B03D15FA157CD302EC42 /* Frameworks */,
				491F4B4EF9BC6569D2E3CD1B /* Embed Frameworks */,
			);
			buildRules = (
			);
			dependencies = (
				9C3B94D4711168A796971613 /* PBXTargetDependency */,
			);
			name = ParallelHostedTests;
			packageProductDependencies = (
				9633706050356E6E06B60C9B /* CucumberSwift */,
			);
			productName = ParallelHostedTests;
			productReference = 537387034BB3B0BB69EBC480 /* ParallelHostedTests.xctest */;
			productType = "com.apple.product-type.bundle.unit-test";
		};
		B588407DECD090C404FBE8B7 /* ParallelHostedTestsTV */ = {
			isa = PBXNativeTarget;
			buildConfigurationList = 92F67E8FD7B6192D786C740A /* Build configuration list for PBXNativeTarget "ParallelHostedTestsTV" */;
			buildPhases = (
				D850775931CB2CB025C532E3 /* Sources */,
				0F7FA58C159D882D435399B5 /* Resources */,
				F1A7947488572C1437C68D9E /* Frameworks */,
				EBED2F4422620877D97A2868 /* Embed Frameworks */,
			);
			buildRules = (
			);
			dependencies = (
				CEEDFA3FC9F880F056462878 /* PBXTargetDependency */,
			);
			name = ParallelHostedTestsTV;
			packageProductDependencies = (
				E0A6B6BD25D52FCB77059478 /* CucumberSwift */,
			);
			productName = ParallelHostedTestsTV;
			productReference = AE575E9AA38A15FCBC0B1D9A /* ParallelHostedTestsTV.xctest */;
			productType = "com.apple.product-type.bundle.unit-test";
		};
		D22F62B91DFFD9F90739AEBF /* ParallelHostlessTestsTV */ = {
			isa = PBXNativeTarget;
			buildConfigurationList = 731192EAF36FB70CBFFFB125 /* Build configuration list for PBXNativeTarget "ParallelHostlessTestsTV" */;
			buildPhases = (
				6711ACFE739F088341E28700 /* Sources */,
				D0CE30B5368B34315AB7550F /* Resources */,
				57EF0461865FCED3CB5C5D1A /* Frameworks */,
				2BBAD7CE7B3495BFE89FBF43 /* Embed Frameworks */,
			);
			buildRules = (
			);
			dependencies = (
			);
			name = ParallelHostlessTestsTV;
			packageProductDependencies = (
				3AA25AA614DD5958A50E89D1 /* CucumberSwift */,
			);
			productName = ParallelHostlessTestsTV;
			productReference = DC9A6D699BFAB72185E71A7C /* ParallelHostlessTestsTV.xctest */;
			productType = "com.apple.product-type.bundle.unit-test";
		};
		D63F817CBE3EE99FB9F6FA93 /* ParallelUITestsMac */ = {
			isa = PBXNativeTarget;
			buildConfigurationList = C2E78CE0A42FC089DFB892CA /* Build configuration list for PBXNativeTarget "ParallelUITestsMac" */;
			buildPhases = (
				3A4EB1C4997A8D9F0A988DEC /* Sources */,
				48AFDCCBF5E16095AE2724BD /* Resources */,
				A26747D67E62756E05145756 /* Frameworks */,
				05310DBE90C81FCC5B821C33 /* Embed Frameworks */,
			);
			buildRules = (
			);
			dependencies = (
				5B6E5A5D7C58EE2EAFF076B5 /* PBXTargetDependency */,
			);
			name = ParallelUITestsMac;
			packageProductDependencies = (
				DE781ACCE52C2CDCF1251E1A /* CucumberSwift */,
			);
			productName = ParallelUITestsMac;
			productReference = D9B2658378B055EB27DEF2DF /* ParallelUITestsMac.xctest */;
			productType = "com.apple.product-type.bundle.ui-testing";
		};
		E9722115859B64AA59145D3C /* ParallelFixtureAppTV */ = {
			isa = PBXNativeTarget;
			buildConfigurationList = 07BD9EBDAE52E30A6D578C2B /* Build configuration list for PBXNativeTarget "ParallelFixtureAppTV" */;
			buildPhases = (
				E57D5A73B650B7FFC5F5A0CA /* Sources */,
				4614800C178151CE1DE0B83D /* Resources */,
				0C706E88624F874D13DC73BF /* Frameworks */,
				F0DF725F4C6D7D69A6B12182 /* Embed Frameworks */,
			);
			buildRules = (
			);
			dependencies = (
			);
			name = ParallelFixtureAppTV;
			packageProductDependencies = (
			);
			productName = ParallelFixtureAppTV;
			productReference = 598D27A22A33D421D063FC81 /* ParallelFixtureAppTV.app */;
			productType = "com.apple.product-type.application";
		};
		F0FB99D503863D9E6F79F913 /* ParallelUITests */ = {
			isa = PBXNativeTarget;
			buildConfigurationList = DAA520B81C478CCEA9E9344B /* Build configuration list for PBXNativeTarget "ParallelUITests" */;
			buildPhases = (
				ED09E73B161596BF1EB066F1 /* Sources */,
				E972B1AA7E63C83DF63E2CE9 /* Resources */,
				9BBB44DF3C3CCDFE5F1514B4 /* Frameworks */,
				F80F9B5DCDD2DE557C043429 /* Embed Frameworks */,
			);
			buildRules = (
			);
			dependencies = (
				F3804AF7618778D604AF2C51 /* PBXTargetDependency */,
			);
			name = ParallelUITests;
			packageProductDependencies = (
				A39B1A773D0D126CAAE69F80 /* CucumberSwift */,
			);
			productName = ParallelUITests;
			productReference = C97D53F1023ADE88603C00D7 /* ParallelUITests.xctest */;
			productType = "com.apple.product-type.bundle.ui-testing";
		};
		F7BF17AC5628A868DF964255 /* ParallelUITestsTV */ = {
			isa = PBXNativeTarget;
			buildConfigurationList = 552EBFB9F85461CBF9053D30 /* Build configuration list for PBXNativeTarget "ParallelUITestsTV" */;
			buildPhases = (
				F76E90A7135D835B86FE2B8B /* Sources */,
				0280D00F8D39303FE020E88A /* Resources */,
				82F4320146573E64C84E64C7 /* Frameworks */,
				7F1CE709663B0E12F9DCA823 /* Embed Frameworks */,
			);
			buildRules = (
			);
			dependencies = (
				EED7827A6B7725052033F626 /* PBXTargetDependency */,
			);
			name = ParallelUITestsTV;
			packageProductDependencies = (
				7F1939F76CC1B46E8BBD8403 /* CucumberSwift */,
			);
			productName = ParallelUITestsTV;
			productReference = 4D5C3A955F6C3461ACC407C2 /* ParallelUITestsTV.xctest */;
			productType = "com.apple.product-type.bundle.ui-testing";
		};
		FC4F37E4A4EE9D6B668AAE84 /* ParallelFixtureApp */ = {
			isa = PBXNativeTarget;
			buildConfigurationList = 107A38427ACB582F56445575 /* Build configuration list for PBXNativeTarget "ParallelFixtureApp" */;
			buildPhases = (
				00F9808208751BA1E46EB714 /* Sources */,
				CC56D4C86C7D205C39055919 /* Resources */,
				A459612A88DEC12C13ADBFB0 /* Frameworks */,
				7F5FDE9AFBB870EAA1401955 /* Embed Frameworks */,
			);
			buildRules = (
			);
			dependencies = (
			);
			name = ParallelFixtureApp;
			packageProductDependencies = (
			);
			productName = ParallelFixtureApp;
			productReference = 68BC350558B05A8F96FA3C98 /* ParallelFixtureApp.app */;
			productType = "com.apple.product-type.application";
		};
/* End PBXNativeTarget section */

/* Begin PBXProject section */
		142147ACD417611C1A01FAC7 /* Project object */ = {
			isa = PBXProject;
			attributes = {
				BuildIndependentTargetsInParallel = YES;
				TargetAttributes = {
					85EA20A3A8768AB840F251A0 = {
						TestTargetID = 1B72FBE986294055DC1735F3;
					};
					AA4F4548D263DF106EEF8C49 = {
						TestTargetID = FC4F37E4A4EE9D6B668AAE84;
					};
					B588407DECD090C404FBE8B7 = {
						TestTargetID = E9722115859B64AA59145D3C;
					};
					D63F817CBE3EE99FB9F6FA93 = {
						TestTargetID = 1B72FBE986294055DC1735F3;
					};
					F0FB99D503863D9E6F79F913 = {
						TestTargetID = FC4F37E4A4EE9D6B668AAE84;
					};
					F7BF17AC5628A868DF964255 = {
						TestTargetID = E9722115859B64AA59145D3C;
					};
				};
			};
			buildConfigurationList = 913B7545641353F4C9591664 /* Build configuration list for PBXProject "ParallelFixtures" */;
			compatibilityVersion = "Xcode 14.0";
			developmentRegion = en;
			hasScannedForEncodings = 0;
			knownRegions = (
				Base,
				en,
			);
			mainGroup = 4101C7661565BA87CE2C1836;
			packageReferences = (
				CEFB78D79E00581AA5FB769B /* XCLocalSwiftPackageReference "../.." */,
			);
			productRefGroup = 26DC247B5A6D2CBD9037AA21 /* Products */;
			projectDirPath = "";
			projectRoot = "";
			targets = (
				FC4F37E4A4EE9D6B668AAE84 /* ParallelFixtureApp */,
				1B72FBE986294055DC1735F3 /* ParallelFixtureAppMac */,
				E9722115859B64AA59145D3C /* ParallelFixtureAppTV */,
				AA4F4548D263DF106EEF8C49 /* ParallelHostedTests */,
				85EA20A3A8768AB840F251A0 /* ParallelHostedTestsMac */,
				B588407DECD090C404FBE8B7 /* ParallelHostedTestsTV */,
				17A6E1344365334FACD788D2 /* ParallelHostlessTests */,
				A0A0FD3964AA56C2EC6FE85D /* ParallelHostlessTestsMac */,
				D22F62B91DFFD9F90739AEBF /* ParallelHostlessTestsTV */,
				F0FB99D503863D9E6F79F913 /* ParallelUITests */,
				D63F817CBE3EE99FB9F6FA93 /* ParallelUITestsMac */,
				F7BF17AC5628A868DF964255 /* ParallelUITestsTV */,
			);
		};
/* End PBXProject section */

/* Begin PBXResourcesBuildPhase section */
		0280D00F8D39303FE020E88A /* Resources */ = {
			isa = PBXResourcesBuildPhase;
			buildActionMask = 2147483647;
			files = (
				DA5ADE50709E490A14BEDB88 /* Features in Resources */,
			);
			runOnlyForDeploymentPostprocessing = 0;
		};
		0F7FA58C159D882D435399B5 /* Resources */ = {
			isa = PBXResourcesBuildPhase;
			buildActionMask = 2147483647;
			files = (
				851F5BB63BB51164240CFF3F /* Features in Resources */,
			);
			runOnlyForDeploymentPostprocessing = 0;
		};
		4614800C178151CE1DE0B83D /* Resources */ = {
			isa = PBXResourcesBuildPhase;
			buildActionMask = 2147483647;
			files = (
			);
			runOnlyForDeploymentPostprocessing = 0;
		};
		48AFDCCBF5E16095AE2724BD /* Resources */ = {
			isa = PBXResourcesBuildPhase;
			buildActionMask = 2147483647;
			files = (
				7A03A4281B178D1195C2A023 /* Features in Resources */,
			);
			runOnlyForDeploymentPostprocessing = 0;
		};
		64875F3457692B8CC8A78B0A /* Resources */ = {
			isa = PBXResourcesBuildPhase;
			buildActionMask = 2147483647;
			files = (
			);
			runOnlyForDeploymentPostprocessing = 0;
		};
		96FCC14A05E0C5423CE0A209 /* Resources */ = {
			isa = PBXResourcesBuildPhase;
			buildActionMask = 2147483647;
			files = (
				242AA6AB67457121605E63CB /* Features in Resources */,
			);
			runOnlyForDeploymentPostprocessing = 0;
		};
		B1FF9F2FEA509B724C0C8073 /* Resources */ = {
			isa = PBXResourcesBuildPhase;
			buildActionMask = 2147483647;
			files = (
				E1F2246F99933CF1C1C7A14F /* Features in Resources */,
			);
			runOnlyForDeploymentPostprocessing = 0;
		};
		BFBAC1D9C9A282B70ED5E46D /* Resources */ = {
			isa = PBXResourcesBuildPhase;
			buildActionMask = 2147483647;
			files = (
				32DF3F20540D57C799C8D7C9 /* Features in Resources */,
			);
			runOnlyForDeploymentPostprocessing = 0;
		};
		CC56D4C86C7D205C39055919 /* Resources */ = {
			isa = PBXResourcesBuildPhase;
			buildActionMask = 2147483647;
			files = (
			);
			runOnlyForDeploymentPostprocessing = 0;
		};
		D0CE30B5368B34315AB7550F /* Resources */ = {
			isa = PBXResourcesBuildPhase;
			buildActionMask = 2147483647;
			files = (
				89DFBED8F39725484C374ABC /* Features in Resources */,
			);
			runOnlyForDeploymentPostprocessing = 0;
		};
		E972B1AA7E63C83DF63E2CE9 /* Resources */ = {
			isa = PBXResourcesBuildPhase;
			buildActionMask = 2147483647;
			files = (
				D33848E02BC92599D38C6F64 /* Features in Resources */,
			);
			runOnlyForDeploymentPostprocessing = 0;
		};
		EAA44A3E9ED3C2D75169A0E8 /* Resources */ = {
			isa = PBXResourcesBuildPhase;
			buildActionMask = 2147483647;
			files = (
				67430F04C2D00C62F8E98968 /* Features in Resources */,
			);
			runOnlyForDeploymentPostprocessing = 0;
		};
/* End PBXResourcesBuildPhase section */

/* Begin PBXSourcesBuildPhase section */
		00F9808208751BA1E46EB714 /* Sources */ = {
			isa = PBXSourcesBuildPhase;
			buildActionMask = 2147483647;
			files = (
				6B8B1790D43A58E0E600EDC7 /* ParallelFixtureApp.swift in Sources */,
			);
			runOnlyForDeploymentPostprocessing = 0;
		};
		07DDFF946DB3583A221A0CCA /* Sources */ = {
			isa = PBXSourcesBuildPhase;
			buildActionMask = 2147483647;
			files = (
				83E7CB535AA0E90A25875B15 /* ParallelFixtureSupport.swift in Sources */,
				11C655BD04BEF629B532B4AA /* UnitTestSteps.swift in Sources */,
			);
			runOnlyForDeploymentPostprocessing = 0;
		};
		0F6199E9DB9763AC7AFA93C0 /* Sources */ = {
			isa = PBXSourcesBuildPhase;
			buildActionMask = 2147483647;
			files = (
				A9D13517D9C922FCFE6EB6B1 /* ParallelFixtureApp.swift in Sources */,
			);
			runOnlyForDeploymentPostprocessing = 0;
		};
		3A4EB1C4997A8D9F0A988DEC /* Sources */ = {
			isa = PBXSourcesBuildPhase;
			buildActionMask = 2147483647;
			files = (
				27642C161FE5217A17CB0C03 /* ParallelFixtureSupport.swift in Sources */,
				185951DFCEC2A1C480656235 /* UITestSteps.swift in Sources */,
			);
			runOnlyForDeploymentPostprocessing = 0;
		};
		44DDC87AFACA1EC4D29102E3 /* Sources */ = {
			isa = PBXSourcesBuildPhase;
			buildActionMask = 2147483647;
			files = (
				B6D55E20930F85048BA2E805 /* ParallelFixtureSupport.swift in Sources */,
				88D684B5F9F5F9414FB3DFAB /* UnitTestSteps.swift in Sources */,
			);
			runOnlyForDeploymentPostprocessing = 0;
		};
		6711ACFE739F088341E28700 /* Sources */ = {
			isa = PBXSourcesBuildPhase;
			buildActionMask = 2147483647;
			files = (
				5EDCD324ABEEAE0FD4A39C6D /* ParallelFixtureSupport.swift in Sources */,
				D792CB2B142670F1957D71C1 /* UnitTestSteps.swift in Sources */,
			);
			runOnlyForDeploymentPostprocessing = 0;
		};
		D0A4A7B59F1892DBAFEE0126 /* Sources */ = {
			isa = PBXSourcesBuildPhase;
			buildActionMask = 2147483647;
			files = (
				238264696C12204C8C11E285 /* ParallelFixtureSupport.swift in Sources */,
				2DAB606A489D7B492B975B86 /* UnitTestSteps.swift in Sources */,
			);
			runOnlyForDeploymentPostprocessing = 0;
		};
		D850775931CB2CB025C532E3 /* Sources */ = {
			isa = PBXSourcesBuildPhase;
			buildActionMask = 2147483647;
			files = (
				F84F1215030682C61D218667 /* ParallelFixtureSupport.swift in Sources */,
				14E44280E55AE6F221CEF117 /* UnitTestSteps.swift in Sources */,
			);
			runOnlyForDeploymentPostprocessing = 0;
		};
		E57D5A73B650B7FFC5F5A0CA /* Sources */ = {
			isa = PBXSourcesBuildPhase;
			buildActionMask = 2147483647;
			files = (
				B53BC6FF81233AF4B3D55E13 /* ParallelFixtureApp.swift in Sources */,
			);
			runOnlyForDeploymentPostprocessing = 0;
		};
		EBC658B29C3CC01CBF45A4A9 /* Sources */ = {
			isa = PBXSourcesBuildPhase;
			buildActionMask = 2147483647;
			files = (
				5CFF05E2926D9A8922006776 /* ParallelFixtureSupport.swift in Sources */,
				B4AD9E559F3EE60BD9D820B3 /* UnitTestSteps.swift in Sources */,
			);
			runOnlyForDeploymentPostprocessing = 0;
		};
		ED09E73B161596BF1EB066F1 /* Sources */ = {
			isa = PBXSourcesBuildPhase;
			buildActionMask = 2147483647;
			files = (
				A19C341678F1D5A38FCA6389 /* ParallelFixtureSupport.swift in Sources */,
				7C2AABA2BD561738C878B7BB /* UITestSteps.swift in Sources */,
			);
			runOnlyForDeploymentPostprocessing = 0;
		};
		F76E90A7135D835B86FE2B8B /* Sources */ = {
			isa = PBXSourcesBuildPhase;
			buildActionMask = 2147483647;
			files = (
				A429464A418A683BCFFED1D0 /* ParallelFixtureSupport.swift in Sources */,
				29317F6DF208055FDD440FC0 /* UITestSteps.swift in Sources */,
			);
			runOnlyForDeploymentPostprocessing = 0;
		};
/* End PBXSourcesBuildPhase section */

/* Begin PBXTargetDependency section */
		5B6E5A5D7C58EE2EAFF076B5 /* PBXTargetDependency */ = {
			isa = PBXTargetDependency;
			name = ParallelFixtureAppMac;
			target = 1B72FBE986294055DC1735F3 /* ParallelFixtureAppMac */;
			targetProxy = 2DBC2D28D86C98E7846C9D34 /* PBXContainerItemProxy */;
		};
		798C747116C008472701FDC9 /* PBXTargetDependency */ = {
			isa = PBXTargetDependency;
			name = ParallelFixtureAppMac;
			target = 1B72FBE986294055DC1735F3 /* ParallelFixtureAppMac */;
			targetProxy = CD412D33D374C9F0D1507F98 /* PBXContainerItemProxy */;
		};
		9C3B94D4711168A796971613 /* PBXTargetDependency */ = {
			isa = PBXTargetDependency;
			name = ParallelFixtureApp;
			target = FC4F37E4A4EE9D6B668AAE84 /* ParallelFixtureApp */;
			targetProxy = 866A06B804D3A8C6F2E19287 /* PBXContainerItemProxy */;
		};
		CEEDFA3FC9F880F056462878 /* PBXTargetDependency */ = {
			isa = PBXTargetDependency;
			name = ParallelFixtureAppTV;
			target = E9722115859B64AA59145D3C /* ParallelFixtureAppTV */;
			targetProxy = 7F01A61891D95A3C7E4DFDF3 /* PBXContainerItemProxy */;
		};
		EED7827A6B7725052033F626 /* PBXTargetDependency */ = {
			isa = PBXTargetDependency;
			name = ParallelFixtureAppTV;
			target = E9722115859B64AA59145D3C /* ParallelFixtureAppTV */;
			targetProxy = 3D7857A0587415B4A6A9AD78 /* PBXContainerItemProxy */;
		};
		F3804AF7618778D604AF2C51 /* PBXTargetDependency */ = {
			isa = PBXTargetDependency;
			name = ParallelFixtureApp;
			target = FC4F37E4A4EE9D6B668AAE84 /* ParallelFixtureApp */;
			targetProxy = 7CD463526F2184AFCBB907DB /* PBXContainerItemProxy */;
		};
/* End PBXTargetDependency section */

/* Begin XCBuildConfiguration section */
		16C2DAA832FD6E3AD5B91A25 /* Debug */ = {
			isa = XCBuildConfiguration;
			buildSettings = {
				CODE_SIGN_IDENTITY = "-";
				CODE_SIGN_STYLE = Manual;
				INFOPLIST_FILE = "Derived/InfoPlists/ParallelHostlessTestsMac-Info.plist";
				LD_RUNPATH_SEARCH_PATHS = (
					"$(inherited)",
					"@executable_path/../Frameworks",
					"@loader_path/../Frameworks",
				);
				MACOSX_DEPLOYMENT_TARGET = 11.0;
				OTHER_LDFLAGS = (
					"$(inherited)",
					"-L$(DT_TOOLCHAIN_DIR)/usr/lib/swift/$(PLATFORM_NAME)",
				);
				PRODUCT_BUNDLE_IDENTIFIER = org.cucumberswift.ParallelHostlessTestsMac;
				PRODUCT_NAME = ParallelHostlessTestsMac;
				SDKROOT = macosx;
				SWIFT_ACTIVE_COMPILATION_CONDITIONS = (
					"$(inherited)",
					DEBUG,
				);
				SWIFT_COMPILATION_MODE = singlefile;
				SWIFT_OPTIMIZATION_LEVEL = "-Onone";
				SWIFT_VERSION = 5.0;
			};
			name = Debug;
		};
		175BE5A3696D9DE2B1A86E4F /* Debug */ = {
			isa = XCBuildConfiguration;
			buildSettings = {
				ASSETCATALOG_COMPILER_APPICON_NAME = AppIcon;
				ASSETCATALOG_COMPILER_GLOBAL_ACCENT_COLOR_NAME = AccentColor;
				CODE_SIGN_IDENTITY = "-";
				"CODE_SIGN_IDENTITY[sdk=macosx*]" = "-";
				CODE_SIGN_STYLE = Manual;
				ENABLE_PREVIEWS = YES;
				INFOPLIST_FILE = "Derived/InfoPlists/ParallelFixtureApp-Info.plist";
				IPHONEOS_DEPLOYMENT_TARGET = 14.0;
				LD_RUNPATH_SEARCH_PATHS = (
					"$(inherited)",
					"@executable_path/Frameworks",
				);
				OTHER_LDFLAGS = (
					"$(inherited)",
					"-L$(DT_TOOLCHAIN_DIR)/usr/lib/swift/$(PLATFORM_NAME)",
				);
				PRODUCT_BUNDLE_IDENTIFIER = org.cucumberswift.ParallelFixtureApp;
				PRODUCT_NAME = ParallelFixtureApp;
				SDKROOT = iphoneos;
				SUPPORTS_MACCATALYST = YES;
				SUPPORTS_MAC_DESIGNED_FOR_IPHONE_IPAD = NO;
				SUPPORTS_XR_DESIGNED_FOR_IPHONE_IPAD = NO;
				SWIFT_ACTIVE_COMPILATION_CONDITIONS = (
					"$(inherited)",
					DEBUG,
				);
				SWIFT_COMPILATION_MODE = singlefile;
				SWIFT_OPTIMIZATION_LEVEL = "-Onone";
				SWIFT_VERSION = 5.0;
				TARGETED_DEVICE_FAMILY = "1,2,6";
			};
			name = Debug;
		};
		1CE160BBFF7BE860DF9A7B96 /* Debug */ = {
			isa = XCBuildConfiguration;
			buildSettings = {
				ALWAYS_SEARCH_USER_PATHS = NO;
				CLANG_ANALYZER_LOCALIZABILITY_NONLOCALIZED = YES;
				CLANG_ANALYZER_NONNULL = YES;
				CLANG_ANALYZER_NUMBER_OBJECT_CONVERSION = YES_AGGRESSIVE;
				CLANG_CXX_LANGUAGE_STANDARD = "gnu++14";
				CLANG_CXX_LIBRARY = "libc++";
				CLANG_ENABLE_MODULES = YES;
				CLANG_ENABLE_OBJC_ARC = YES;
				CLANG_ENABLE_OBJC_WEAK = YES;
				CLANG_WARN_BLOCK_CAPTURE_AUTORELEASING = YES;
				CLANG_WARN_BOOL_CONVERSION = YES;
				CLANG_WARN_COMMA = YES;
				CLANG_WARN_CONSTANT_CONVERSION = YES;
				CLANG_WARN_DEPRECATED_OBJC_IMPLEMENTATIONS = YES;
				CLANG_WARN_DIRECT_OBJC_ISA_USAGE = YES_ERROR;
				CLANG_WARN_DOCUMENTATION_COMMENTS = YES;
				CLANG_WARN_EMPTY_BODY = YES;
				CLANG_WARN_ENUM_CONVERSION = YES;
				CLANG_WARN_INFINITE_RECURSION = YES;
				CLANG_WARN_INT_CONVERSION = YES;
				CLANG_WARN_NON_LITERAL_NULL_CONVERSION = YES;
				CLANG_WARN_OBJC_IMPLICIT_RETAIN_SELF = YES;
				CLANG_WARN_OBJC_LITERAL_CONVERSION = YES;
				CLANG_WARN_OBJC_ROOT_CLASS = YES_ERROR;
				CLANG_WARN_QUOTED_INCLUDE_IN_FRAMEWORK_HEADER = YES;
				CLANG_WARN_RANGE_LOOP_ANALYSIS = YES;
				CLANG_WARN_STRICT_PROTOTYPES = YES;
				CLANG_WARN_SUSPICIOUS_MOVE = YES;
				CLANG_WARN_UNGUARDED_AVAILABILITY = YES_AGGRESSIVE;
				CLANG_WARN_UNREACHABLE_CODE = YES;
				CLANG_WARN__DUPLICATE_METHOD_MATCH = YES;
				COPY_PHASE_STRIP = NO;
				DEAD_CODE_STRIPPING = YES;
				DEBUG_INFORMATION_FORMAT = dwarf;
				ENABLE_STRICT_OBJC_MSGSEND = YES;
				ENABLE_TESTABILITY = YES;
				GCC_C_LANGUAGE_STANDARD = gnu11;
				GCC_DYNAMIC_NO_PIC = NO;
				GCC_NO_COMMON_BLOCKS = YES;
				GCC_OPTIMIZATION_LEVEL = 0;
				GCC_PREPROCESSOR_DEFINITIONS = (
					"DEBUG=1",
					"$(inherited)",
				);
				GCC_WARN_64_TO_32_BIT_CONVERSION = YES;
				GCC_WARN_ABOUT_RETURN_TYPE = YES_ERROR;
				GCC_WARN_UNDECLARED_SELECTOR = YES;
				GCC_WARN_UNINITIALIZED_AUTOS = YES_AGGRESSIVE;
				GCC_WARN_UNUSED_FUNCTION = YES;
				GCC_WARN_UNUSED_VARIABLE = YES;
				MTL_ENABLE_DEBUG_INFO = YES;
				ONLY_ACTIVE_ARCH = YES;
				PRODUCT_NAME = "$(TARGET_NAME)";
			};
			name = Debug;
		};
		2761737A7192CA335C887F3E /* Debug */ = {
			isa = XCBuildConfiguration;
			buildSettings = {
				BUNDLE_LOADER = "$(TEST_HOST)";
				CODE_SIGN_IDENTITY = "-";
				CODE_SIGN_STYLE = Manual;
				INFOPLIST_FILE = "Derived/InfoPlists/ParallelHostedTestsTV-Info.plist";
				LD_RUNPATH_SEARCH_PATHS = (
					"$(inherited)",
					"@executable_path/Frameworks",
					"@loader_path/Frameworks",
				);
				OTHER_LDFLAGS = (
					"$(inherited)",
					"-L$(DT_TOOLCHAIN_DIR)/usr/lib/swift/$(PLATFORM_NAME)",
				);
				PRODUCT_BUNDLE_IDENTIFIER = org.cucumberswift.ParallelHostedTestsTV;
				PRODUCT_NAME = ParallelHostedTestsTV;
				SDKROOT = appletvos;
				SWIFT_ACTIVE_COMPILATION_CONDITIONS = (
					"$(inherited)",
					DEBUG,
				);
				SWIFT_COMPILATION_MODE = singlefile;
				SWIFT_OPTIMIZATION_LEVEL = "-Onone";
				SWIFT_VERSION = 5.0;
				TARGETED_DEVICE_FAMILY = 3;
				TEST_HOST = "$(BUILT_PRODUCTS_DIR)/ParallelFixtureAppTV.app/$(BUNDLE_EXECUTABLE_FOLDER_PATH)/ParallelFixtureAppTV";
				TEST_TARGET_NAME = ParallelFixtureAppTV;
				TVOS_DEPLOYMENT_TARGET = 14.0;
			};
			name = Debug;
		};
		3260A9AEA9DD52BAD4047097 /* Debug */ = {
			isa = XCBuildConfiguration;
			buildSettings = {
				CODE_SIGN_IDENTITY = "-";
				"CODE_SIGN_IDENTITY[sdk=macosx*]" = "-";
				CODE_SIGN_STYLE = Manual;
				INFOPLIST_FILE = "Derived/InfoPlists/ParallelUITests-Info.plist";
				IPHONEOS_DEPLOYMENT_TARGET = 14.0;
				LD_RUNPATH_SEARCH_PATHS = (
					"$(inherited)",
					"@executable_path/Frameworks",
					"@loader_path/Frameworks",
				);
				OTHER_LDFLAGS = (
					"$(inherited)",
					"-L$(DT_TOOLCHAIN_DIR)/usr/lib/swift/$(PLATFORM_NAME)",
				);
				PRODUCT_BUNDLE_IDENTIFIER = org.cucumberswift.ParallelUITests;
				PRODUCT_NAME = ParallelUITests;
				SDKROOT = iphoneos;
				SUPPORTS_MACCATALYST = YES;
				SUPPORTS_MAC_DESIGNED_FOR_IPHONE_IPAD = NO;
				SUPPORTS_XR_DESIGNED_FOR_IPHONE_IPAD = NO;
				SWIFT_ACTIVE_COMPILATION_CONDITIONS = (
					"$(inherited)",
					DEBUG,
				);
				SWIFT_COMPILATION_MODE = singlefile;
				SWIFT_OPTIMIZATION_LEVEL = "-Onone";
				SWIFT_VERSION = 5.0;
				TARGETED_DEVICE_FAMILY = "1,2,6";
				TEST_TARGET_NAME = ParallelFixtureApp;
			};
			name = Debug;
		};
		3B777A5800C7D2EEF28910DA /* Debug */ = {
			isa = XCBuildConfiguration;
			buildSettings = {
				BUNDLE_LOADER = "$(TEST_HOST)";
				CODE_SIGN_IDENTITY = "-";
				"CODE_SIGN_IDENTITY[sdk=macosx*]" = "-";
				CODE_SIGN_STYLE = Manual;
				INFOPLIST_FILE = "Derived/InfoPlists/ParallelHostedTests-Info.plist";
				IPHONEOS_DEPLOYMENT_TARGET = 14.0;
				LD_RUNPATH_SEARCH_PATHS = (
					"$(inherited)",
					"@executable_path/Frameworks",
					"@loader_path/Frameworks",
				);
				OTHER_LDFLAGS = (
					"$(inherited)",
					"-L$(DT_TOOLCHAIN_DIR)/usr/lib/swift/$(PLATFORM_NAME)",
				);
				PRODUCT_BUNDLE_IDENTIFIER = org.cucumberswift.ParallelHostedTests;
				PRODUCT_NAME = ParallelHostedTests;
				SDKROOT = iphoneos;
				SUPPORTS_MACCATALYST = YES;
				SUPPORTS_MAC_DESIGNED_FOR_IPHONE_IPAD = NO;
				SUPPORTS_XR_DESIGNED_FOR_IPHONE_IPAD = NO;
				SWIFT_ACTIVE_COMPILATION_CONDITIONS = (
					"$(inherited)",
					DEBUG,
				);
				SWIFT_COMPILATION_MODE = singlefile;
				SWIFT_OPTIMIZATION_LEVEL = "-Onone";
				SWIFT_VERSION = 5.0;
				TARGETED_DEVICE_FAMILY = "1,2,6";
				TEST_HOST = "$(BUILT_PRODUCTS_DIR)/ParallelFixtureApp.app/$(BUNDLE_EXECUTABLE_FOLDER_PATH)/ParallelFixtureApp";
				TEST_TARGET_NAME = ParallelFixtureApp;
			};
			name = Debug;
		};
		3CA92DB032AB6DD567D34458 /* Release */ = {
			isa = XCBuildConfiguration;
			buildSettings = {
				BUNDLE_LOADER = "$(TEST_HOST)";
				CODE_SIGN_IDENTITY = "-";
				CODE_SIGN_STYLE = Manual;
				INFOPLIST_FILE = "Derived/InfoPlists/ParallelHostedTestsMac-Info.plist";
				LD_RUNPATH_SEARCH_PATHS = (
					"$(inherited)",
					"@executable_path/../Frameworks",
					"@loader_path/../Frameworks",
				);
				MACOSX_DEPLOYMENT_TARGET = 11.0;
				OTHER_LDFLAGS = (
					"$(inherited)",
					"-L$(DT_TOOLCHAIN_DIR)/usr/lib/swift/$(PLATFORM_NAME)",
				);
				PRODUCT_BUNDLE_IDENTIFIER = org.cucumberswift.ParallelHostedTestsMac;
				PRODUCT_NAME = ParallelHostedTestsMac;
				SDKROOT = macosx;
				SWIFT_COMPILATION_MODE = wholemodule;
				SWIFT_OPTIMIZATION_LEVEL = "-O";
				SWIFT_VERSION = 5.0;
				TEST_HOST = "$(BUILT_PRODUCTS_DIR)/ParallelFixtureAppMac.app/$(BUNDLE_EXECUTABLE_FOLDER_PATH)/ParallelFixtureAppMac";
				TEST_TARGET_NAME = ParallelFixtureAppMac;
			};
			name = Release;
		};
		3E9BD6902A3264F460ABC5A3 /* Release */ = {
			isa = XCBuildConfiguration;
			buildSettings = {
				ASSETCATALOG_COMPILER_APPICON_NAME = AppIcon;
				ASSETCATALOG_COMPILER_GLOBAL_ACCENT_COLOR_NAME = AccentColor;
				CODE_SIGN_IDENTITY = "-";
				CODE_SIGN_STYLE = Manual;
				COMBINE_HIDPI_IMAGES = YES;
				ENABLE_PREVIEWS = YES;
				INFOPLIST_FILE = "Derived/InfoPlists/ParallelFixtureAppMac-Info.plist";
				LD_RUNPATH_SEARCH_PATHS = (
					"$(inherited)",
					"@executable_path/../Frameworks",
				);
				MACOSX_DEPLOYMENT_TARGET = 11.0;
				OTHER_LDFLAGS = (
					"$(inherited)",
					"-L$(DT_TOOLCHAIN_DIR)/usr/lib/swift/$(PLATFORM_NAME)",
				);
				PRODUCT_BUNDLE_IDENTIFIER = org.cucumberswift.ParallelFixtureAppMac;
				PRODUCT_NAME = ParallelFixtureAppMac;
				SDKROOT = macosx;
				SWIFT_COMPILATION_MODE = wholemodule;
				SWIFT_OPTIMIZATION_LEVEL = "-O";
				SWIFT_VERSION = 5.0;
			};
			name = Release;
		};
		4F6D14A6B7733BC4BC11447B /* Debug */ = {
			isa = XCBuildConfiguration;
			buildSettings = {
				BUNDLE_LOADER = "$(TEST_HOST)";
				CODE_SIGN_IDENTITY = "-";
				CODE_SIGN_STYLE = Manual;
				INFOPLIST_FILE = "Derived/InfoPlists/ParallelHostedTestsMac-Info.plist";
				LD_RUNPATH_SEARCH_PATHS = (
					"$(inherited)",
					"@executable_path/../Frameworks",
					"@loader_path/../Frameworks",
				);
				MACOSX_DEPLOYMENT_TARGET = 11.0;
				OTHER_LDFLAGS = (
					"$(inherited)",
					"-L$(DT_TOOLCHAIN_DIR)/usr/lib/swift/$(PLATFORM_NAME)",
				);
				PRODUCT_BUNDLE_IDENTIFIER = org.cucumberswift.ParallelHostedTestsMac;
				PRODUCT_NAME = ParallelHostedTestsMac;
				SDKROOT = macosx;
				SWIFT_ACTIVE_COMPILATION_CONDITIONS = (
					"$(inherited)",
					DEBUG,
				);
				SWIFT_COMPILATION_MODE = singlefile;
				SWIFT_OPTIMIZATION_LEVEL = "-Onone";
				SWIFT_VERSION = 5.0;
				TEST_HOST = "$(BUILT_PRODUCTS_DIR)/ParallelFixtureAppMac.app/$(BUNDLE_EXECUTABLE_FOLDER_PATH)/ParallelFixtureAppMac";
				TEST_TARGET_NAME = ParallelFixtureAppMac;
			};
			name = Debug;
		};
		57EADA23472ED00FA51F9F26 /* Release */ = {
			isa = XCBuildConfiguration;
			buildSettings = {
				BUNDLE_LOADER = "$(TEST_HOST)";
				CODE_SIGN_IDENTITY = "-";
				CODE_SIGN_STYLE = Manual;
				INFOPLIST_FILE = "Derived/InfoPlists/ParallelHostedTestsTV-Info.plist";
				LD_RUNPATH_SEARCH_PATHS = (
					"$(inherited)",
					"@executable_path/Frameworks",
					"@loader_path/Frameworks",
				);
				OTHER_LDFLAGS = (
					"$(inherited)",
					"-L$(DT_TOOLCHAIN_DIR)/usr/lib/swift/$(PLATFORM_NAME)",
				);
				PRODUCT_BUNDLE_IDENTIFIER = org.cucumberswift.ParallelHostedTestsTV;
				PRODUCT_NAME = ParallelHostedTestsTV;
				SDKROOT = appletvos;
				SWIFT_COMPILATION_MODE = wholemodule;
				SWIFT_OPTIMIZATION_LEVEL = "-O";
				SWIFT_VERSION = 5.0;
				TARGETED_DEVICE_FAMILY = 3;
				TEST_HOST = "$(BUILT_PRODUCTS_DIR)/ParallelFixtureAppTV.app/$(BUNDLE_EXECUTABLE_FOLDER_PATH)/ParallelFixtureAppTV";
				TEST_TARGET_NAME = ParallelFixtureAppTV;
				TVOS_DEPLOYMENT_TARGET = 14.0;
			};
			name = Release;
		};
		71154CB47344AF068DECFBA3 /* Debug */ = {
			isa = XCBuildConfiguration;
			buildSettings = {
				CODE_SIGN_IDENTITY = "-";
				CODE_SIGN_STYLE = Manual;
				INFOPLIST_FILE = "Derived/InfoPlists/ParallelHostlessTestsTV-Info.plist";
				LD_RUNPATH_SEARCH_PATHS = (
					"$(inherited)",
					"@executable_path/Frameworks",
					"@loader_path/Frameworks",
				);
				OTHER_LDFLAGS = (
					"$(inherited)",
					"-L$(DT_TOOLCHAIN_DIR)/usr/lib/swift/$(PLATFORM_NAME)",
				);
				PRODUCT_BUNDLE_IDENTIFIER = org.cucumberswift.ParallelHostlessTestsTV;
				PRODUCT_NAME = ParallelHostlessTestsTV;
				SDKROOT = appletvos;
				SWIFT_ACTIVE_COMPILATION_CONDITIONS = (
					"$(inherited)",
					DEBUG,
				);
				SWIFT_COMPILATION_MODE = singlefile;
				SWIFT_OPTIMIZATION_LEVEL = "-Onone";
				SWIFT_VERSION = 5.0;
				TARGETED_DEVICE_FAMILY = 3;
				TVOS_DEPLOYMENT_TARGET = 14.0;
			};
			name = Debug;
		};
		734151BEC58046861CB43FF2 /* Release */ = {
			isa = XCBuildConfiguration;
			buildSettings = {
				CODE_SIGN_IDENTITY = "-";
				"CODE_SIGN_IDENTITY[sdk=macosx*]" = "-";
				CODE_SIGN_STYLE = Manual;
				INFOPLIST_FILE = "Derived/InfoPlists/ParallelUITests-Info.plist";
				IPHONEOS_DEPLOYMENT_TARGET = 14.0;
				LD_RUNPATH_SEARCH_PATHS = (
					"$(inherited)",
					"@executable_path/Frameworks",
					"@loader_path/Frameworks",
				);
				OTHER_LDFLAGS = (
					"$(inherited)",
					"-L$(DT_TOOLCHAIN_DIR)/usr/lib/swift/$(PLATFORM_NAME)",
				);
				PRODUCT_BUNDLE_IDENTIFIER = org.cucumberswift.ParallelUITests;
				PRODUCT_NAME = ParallelUITests;
				SDKROOT = iphoneos;
				SUPPORTS_MACCATALYST = YES;
				SUPPORTS_MAC_DESIGNED_FOR_IPHONE_IPAD = NO;
				SUPPORTS_XR_DESIGNED_FOR_IPHONE_IPAD = NO;
				SWIFT_COMPILATION_MODE = wholemodule;
				SWIFT_OPTIMIZATION_LEVEL = "-O";
				SWIFT_VERSION = 5.0;
				TARGETED_DEVICE_FAMILY = "1,2,6";
				TEST_TARGET_NAME = ParallelFixtureApp;
			};
			name = Release;
		};
		775E91B70BC5D32F24202CD8 /* Release */ = {
			isa = XCBuildConfiguration;
			buildSettings = {
				ASSETCATALOG_COMPILER_APPICON_NAME = AppIcon;
				ASSETCATALOG_COMPILER_GLOBAL_ACCENT_COLOR_NAME = AccentColor;
				CODE_SIGN_IDENTITY = "-";
				"CODE_SIGN_IDENTITY[sdk=macosx*]" = "-";
				CODE_SIGN_STYLE = Manual;
				ENABLE_PREVIEWS = YES;
				INFOPLIST_FILE = "Derived/InfoPlists/ParallelFixtureApp-Info.plist";
				IPHONEOS_DEPLOYMENT_TARGET = 14.0;
				LD_RUNPATH_SEARCH_PATHS = (
					"$(inherited)",
					"@executable_path/Frameworks",
				);
				OTHER_LDFLAGS = (
					"$(inherited)",
					"-L$(DT_TOOLCHAIN_DIR)/usr/lib/swift/$(PLATFORM_NAME)",
				);
				PRODUCT_BUNDLE_IDENTIFIER = org.cucumberswift.ParallelFixtureApp;
				PRODUCT_NAME = ParallelFixtureApp;
				SDKROOT = iphoneos;
				SUPPORTS_MACCATALYST = YES;
				SUPPORTS_MAC_DESIGNED_FOR_IPHONE_IPAD = NO;
				SUPPORTS_XR_DESIGNED_FOR_IPHONE_IPAD = NO;
				SWIFT_COMPILATION_MODE = wholemodule;
				SWIFT_OPTIMIZATION_LEVEL = "-O";
				SWIFT_VERSION = 5.0;
				TARGETED_DEVICE_FAMILY = "1,2,6";
			};
			name = Release;
		};
		7C002FEFCFC38DC9D9639376 /* Debug */ = {
			isa = XCBuildConfiguration;
			buildSettings = {
				CODE_SIGN_IDENTITY = "-";
				CODE_SIGN_STYLE = Manual;
				INFOPLIST_FILE = "Derived/InfoPlists/ParallelUITestsMac-Info.plist";
				LD_RUNPATH_SEARCH_PATHS = (
					"$(inherited)",
					"@executable_path/../Frameworks",
					"@loader_path/../Frameworks",
				);
				MACOSX_DEPLOYMENT_TARGET = 11.0;
				OTHER_LDFLAGS = (
					"$(inherited)",
					"-L$(DT_TOOLCHAIN_DIR)/usr/lib/swift/$(PLATFORM_NAME)",
				);
				PRODUCT_BUNDLE_IDENTIFIER = org.cucumberswift.ParallelUITestsMac;
				PRODUCT_NAME = ParallelUITestsMac;
				SDKROOT = macosx;
				SWIFT_ACTIVE_COMPILATION_CONDITIONS = (
					"$(inherited)",
					DEBUG,
				);
				SWIFT_COMPILATION_MODE = singlefile;
				SWIFT_OPTIMIZATION_LEVEL = "-Onone";
				SWIFT_VERSION = 5.0;
				TEST_TARGET_NAME = ParallelFixtureAppMac;
			};
			name = Debug;
		};
		7C02910700DF9A6D3C0E6537 /* Debug */ = {
			isa = XCBuildConfiguration;
			buildSettings = {
				ASSETCATALOG_COMPILER_APPICON_NAME = "App Icon & Top Shelf Image";
				ASSETCATALOG_COMPILER_GLOBAL_ACCENT_COLOR_NAME = AccentColor;
				ASSETCATALOG_COMPILER_LAUNCHIMAGE_NAME = LaunchImage;
				CODE_SIGN_IDENTITY = "-";
				CODE_SIGN_STYLE = Manual;
				ENABLE_PREVIEWS = YES;
				INFOPLIST_FILE = "Derived/InfoPlists/ParallelFixtureAppTV-Info.plist";
				LD_RUNPATH_SEARCH_PATHS = (
					"$(inherited)",
					"@executable_path/Frameworks",
				);
				OTHER_LDFLAGS = (
					"$(inherited)",
					"-L$(DT_TOOLCHAIN_DIR)/usr/lib/swift/$(PLATFORM_NAME)",
				);
				PRODUCT_BUNDLE_IDENTIFIER = org.cucumberswift.ParallelFixtureAppTV;
				PRODUCT_NAME = ParallelFixtureAppTV;
				SDKROOT = appletvos;
				SWIFT_ACTIVE_COMPILATION_CONDITIONS = (
					"$(inherited)",
					DEBUG,
				);
				SWIFT_COMPILATION_MODE = singlefile;
				SWIFT_OPTIMIZATION_LEVEL = "-Onone";
				SWIFT_VERSION = 5.0;
				TARGETED_DEVICE_FAMILY = 3;
				TVOS_DEPLOYMENT_TARGET = 14.0;
			};
			name = Debug;
		};
		7C7837A775DAE20B102AA532 /* Release */ = {
			isa = XCBuildConfiguration;
			buildSettings = {
				BUNDLE_LOADER = "$(TEST_HOST)";
				CODE_SIGN_IDENTITY = "-";
				"CODE_SIGN_IDENTITY[sdk=macosx*]" = "-";
				CODE_SIGN_STYLE = Manual;
				INFOPLIST_FILE = "Derived/InfoPlists/ParallelHostedTests-Info.plist";
				IPHONEOS_DEPLOYMENT_TARGET = 14.0;
				LD_RUNPATH_SEARCH_PATHS = (
					"$(inherited)",
					"@executable_path/Frameworks",
					"@loader_path/Frameworks",
				);
				OTHER_LDFLAGS = (
					"$(inherited)",
					"-L$(DT_TOOLCHAIN_DIR)/usr/lib/swift/$(PLATFORM_NAME)",
				);
				PRODUCT_BUNDLE_IDENTIFIER = org.cucumberswift.ParallelHostedTests;
				PRODUCT_NAME = ParallelHostedTests;
				SDKROOT = iphoneos;
				SUPPORTS_MACCATALYST = YES;
				SUPPORTS_MAC_DESIGNED_FOR_IPHONE_IPAD = NO;
				SUPPORTS_XR_DESIGNED_FOR_IPHONE_IPAD = NO;
				SWIFT_COMPILATION_MODE = wholemodule;
				SWIFT_OPTIMIZATION_LEVEL = "-O";
				SWIFT_VERSION = 5.0;
				TARGETED_DEVICE_FAMILY = "1,2,6";
				TEST_HOST = "$(BUILT_PRODUCTS_DIR)/ParallelFixtureApp.app/$(BUNDLE_EXECUTABLE_FOLDER_PATH)/ParallelFixtureApp";
				TEST_TARGET_NAME = ParallelFixtureApp;
			};
			name = Release;
		};
		85376812BA2A48D12D8AC3C6 /* Debug */ = {
			isa = XCBuildConfiguration;
			buildSettings = {
				CODE_SIGN_IDENTITY = "-";
				"CODE_SIGN_IDENTITY[sdk=macosx*]" = "-";
				CODE_SIGN_STYLE = Manual;
				INFOPLIST_FILE = "Derived/InfoPlists/ParallelHostlessTests-Info.plist";
				IPHONEOS_DEPLOYMENT_TARGET = 14.0;
				LD_RUNPATH_SEARCH_PATHS = (
					"$(inherited)",
					"@executable_path/Frameworks",
					"@loader_path/Frameworks",
				);
				OTHER_LDFLAGS = (
					"$(inherited)",
					"-L$(DT_TOOLCHAIN_DIR)/usr/lib/swift/$(PLATFORM_NAME)",
				);
				PRODUCT_BUNDLE_IDENTIFIER = org.cucumberswift.ParallelHostlessTests;
				PRODUCT_NAME = ParallelHostlessTests;
				SDKROOT = iphoneos;
				SUPPORTS_MACCATALYST = YES;
				SUPPORTS_MAC_DESIGNED_FOR_IPHONE_IPAD = NO;
				SUPPORTS_XR_DESIGNED_FOR_IPHONE_IPAD = NO;
				SWIFT_ACTIVE_COMPILATION_CONDITIONS = (
					"$(inherited)",
					DEBUG,
				);
				SWIFT_COMPILATION_MODE = singlefile;
				SWIFT_OPTIMIZATION_LEVEL = "-Onone";
				SWIFT_VERSION = 5.0;
				TARGETED_DEVICE_FAMILY = "1,2,6";
			};
			name = Debug;
		};
		904C92F1697D1B74937D28CD /* Debug */ = {
			isa = XCBuildConfiguration;
			buildSettings = {
				ASSETCATALOG_COMPILER_APPICON_NAME = AppIcon;
				ASSETCATALOG_COMPILER_GLOBAL_ACCENT_COLOR_NAME = AccentColor;
				CODE_SIGN_IDENTITY = "-";
				CODE_SIGN_STYLE = Manual;
				COMBINE_HIDPI_IMAGES = YES;
				ENABLE_PREVIEWS = YES;
				INFOPLIST_FILE = "Derived/InfoPlists/ParallelFixtureAppMac-Info.plist";
				LD_RUNPATH_SEARCH_PATHS = (
					"$(inherited)",
					"@executable_path/../Frameworks",
				);
				MACOSX_DEPLOYMENT_TARGET = 11.0;
				OTHER_LDFLAGS = (
					"$(inherited)",
					"-L$(DT_TOOLCHAIN_DIR)/usr/lib/swift/$(PLATFORM_NAME)",
				);
				PRODUCT_BUNDLE_IDENTIFIER = org.cucumberswift.ParallelFixtureAppMac;
				PRODUCT_NAME = ParallelFixtureAppMac;
				SDKROOT = macosx;
				SWIFT_ACTIVE_COMPILATION_CONDITIONS = (
					"$(inherited)",
					DEBUG,
				);
				SWIFT_COMPILATION_MODE = singlefile;
				SWIFT_OPTIMIZATION_LEVEL = "-Onone";
				SWIFT_VERSION = 5.0;
			};
			name = Debug;
		};
		9790A8B50E4931B15DB311CF /* Debug */ = {
			isa = XCBuildConfiguration;
			buildSettings = {
				CODE_SIGN_IDENTITY = "-";
				CODE_SIGN_STYLE = Manual;
				INFOPLIST_FILE = "Derived/InfoPlists/ParallelUITestsTV-Info.plist";
				LD_RUNPATH_SEARCH_PATHS = (
					"$(inherited)",
					"@executable_path/Frameworks",
					"@loader_path/Frameworks",
				);
				OTHER_LDFLAGS = (
					"$(inherited)",
					"-L$(DT_TOOLCHAIN_DIR)/usr/lib/swift/$(PLATFORM_NAME)",
				);
				PRODUCT_BUNDLE_IDENTIFIER = org.cucumberswift.ParallelUITestsTV;
				PRODUCT_NAME = ParallelUITestsTV;
				SDKROOT = appletvos;
				SWIFT_ACTIVE_COMPILATION_CONDITIONS = (
					"$(inherited)",
					DEBUG,
				);
				SWIFT_COMPILATION_MODE = singlefile;
				SWIFT_OPTIMIZATION_LEVEL = "-Onone";
				SWIFT_VERSION = 5.0;
				TARGETED_DEVICE_FAMILY = 3;
				TEST_TARGET_NAME = ParallelFixtureAppTV;
				TVOS_DEPLOYMENT_TARGET = 14.0;
			};
			name = Debug;
		};
		9C9367C108055305E69F9514 /* Release */ = {
			isa = XCBuildConfiguration;
			buildSettings = {
				ALWAYS_SEARCH_USER_PATHS = NO;
				CLANG_ANALYZER_LOCALIZABILITY_NONLOCALIZED = YES;
				CLANG_ANALYZER_NONNULL = YES;
				CLANG_ANALYZER_NUMBER_OBJECT_CONVERSION = YES_AGGRESSIVE;
				CLANG_CXX_LANGUAGE_STANDARD = "gnu++14";
				CLANG_CXX_LIBRARY = "libc++";
				CLANG_ENABLE_MODULES = YES;
				CLANG_ENABLE_OBJC_ARC = YES;
				CLANG_ENABLE_OBJC_WEAK = YES;
				CLANG_WARN_BLOCK_CAPTURE_AUTORELEASING = YES;
				CLANG_WARN_BOOL_CONVERSION = YES;
				CLANG_WARN_COMMA = YES;
				CLANG_WARN_CONSTANT_CONVERSION = YES;
				CLANG_WARN_DEPRECATED_OBJC_IMPLEMENTATIONS = YES;
				CLANG_WARN_DIRECT_OBJC_ISA_USAGE = YES_ERROR;
				CLANG_WARN_DOCUMENTATION_COMMENTS = YES;
				CLANG_WARN_EMPTY_BODY = YES;
				CLANG_WARN_ENUM_CONVERSION = YES;
				CLANG_WARN_INFINITE_RECURSION = YES;
				CLANG_WARN_INT_CONVERSION = YES;
				CLANG_WARN_NON_LITERAL_NULL_CONVERSION = YES;
				CLANG_WARN_OBJC_IMPLICIT_RETAIN_SELF = YES;
				CLANG_WARN_OBJC_LITERAL_CONVERSION = YES;
				CLANG_WARN_OBJC_ROOT_CLASS = YES_ERROR;
				CLANG_WARN_QUOTED_INCLUDE_IN_FRAMEWORK_HEADER = YES;
				CLANG_WARN_RANGE_LOOP_ANALYSIS = YES;
				CLANG_WARN_STRICT_PROTOTYPES = YES;
				CLANG_WARN_SUSPICIOUS_MOVE = YES;
				CLANG_WARN_UNGUARDED_AVAILABILITY = YES_AGGRESSIVE;
				CLANG_WARN_UNREACHABLE_CODE = YES;
				CLANG_WARN__DUPLICATE_METHOD_MATCH = YES;
				COPY_PHASE_STRIP = NO;
				DEAD_CODE_STRIPPING = YES;
				DEBUG_INFORMATION_FORMAT = "dwarf-with-dsym";
				ENABLE_NS_ASSERTIONS = NO;
				ENABLE_STRICT_OBJC_MSGSEND = YES;
				GCC_C_LANGUAGE_STANDARD = gnu11;
				GCC_NO_COMMON_BLOCKS = YES;
				GCC_WARN_64_TO_32_BIT_CONVERSION = YES;
				GCC_WARN_ABOUT_RETURN_TYPE = YES_ERROR;
				GCC_WARN_UNDECLARED_SELECTOR = YES;
				GCC_WARN_UNINITIALIZED_AUTOS = YES_AGGRESSIVE;
				GCC_WARN_UNUSED_FUNCTION = YES;
				GCC_WARN_UNUSED_VARIABLE = YES;
				MTL_ENABLE_DEBUG_INFO = NO;
				PRODUCT_NAME = "$(TARGET_NAME)";
				VALIDATE_PRODUCT = YES;
			};
			name = Release;
		};
		A9E35A28FEFC2AB80FEDCEBD /* Release */ = {
			isa = XCBuildConfiguration;
			buildSettings = {
				CODE_SIGN_IDENTITY = "-";
				CODE_SIGN_STYLE = Manual;
				INFOPLIST_FILE = "Derived/InfoPlists/ParallelUITestsMac-Info.plist";
				LD_RUNPATH_SEARCH_PATHS = (
					"$(inherited)",
					"@executable_path/../Frameworks",
					"@loader_path/../Frameworks",
				);
				MACOSX_DEPLOYMENT_TARGET = 11.0;
				OTHER_LDFLAGS = (
					"$(inherited)",
					"-L$(DT_TOOLCHAIN_DIR)/usr/lib/swift/$(PLATFORM_NAME)",
				);
				PRODUCT_BUNDLE_IDENTIFIER = org.cucumberswift.ParallelUITestsMac;
				PRODUCT_NAME = ParallelUITestsMac;
				SDKROOT = macosx;
				SWIFT_COMPILATION_MODE = wholemodule;
				SWIFT_OPTIMIZATION_LEVEL = "-O";
				SWIFT_VERSION = 5.0;
				TEST_TARGET_NAME = ParallelFixtureAppMac;
			};
			name = Release;
		};
		AA3C032A47B739D73DE92F90 /* Release */ = {
			isa = XCBuildConfiguration;
			buildSettings = {
				CODE_SIGN_IDENTITY = "-";
				"CODE_SIGN_IDENTITY[sdk=macosx*]" = "-";
				CODE_SIGN_STYLE = Manual;
				INFOPLIST_FILE = "Derived/InfoPlists/ParallelHostlessTests-Info.plist";
				IPHONEOS_DEPLOYMENT_TARGET = 14.0;
				LD_RUNPATH_SEARCH_PATHS = (
					"$(inherited)",
					"@executable_path/Frameworks",
					"@loader_path/Frameworks",
				);
				OTHER_LDFLAGS = (
					"$(inherited)",
					"-L$(DT_TOOLCHAIN_DIR)/usr/lib/swift/$(PLATFORM_NAME)",
				);
				PRODUCT_BUNDLE_IDENTIFIER = org.cucumberswift.ParallelHostlessTests;
				PRODUCT_NAME = ParallelHostlessTests;
				SDKROOT = iphoneos;
				SUPPORTS_MACCATALYST = YES;
				SUPPORTS_MAC_DESIGNED_FOR_IPHONE_IPAD = NO;
				SUPPORTS_XR_DESIGNED_FOR_IPHONE_IPAD = NO;
				SWIFT_COMPILATION_MODE = wholemodule;
				SWIFT_OPTIMIZATION_LEVEL = "-O";
				SWIFT_VERSION = 5.0;
				TARGETED_DEVICE_FAMILY = "1,2,6";
			};
			name = Release;
		};
		D328A69D90D40975591FDE38 /* Release */ = {
			isa = XCBuildConfiguration;
			buildSettings = {
				CODE_SIGN_IDENTITY = "-";
				CODE_SIGN_STYLE = Manual;
				INFOPLIST_FILE = "Derived/InfoPlists/ParallelHostlessTestsTV-Info.plist";
				LD_RUNPATH_SEARCH_PATHS = (
					"$(inherited)",
					"@executable_path/Frameworks",
					"@loader_path/Frameworks",
				);
				OTHER_LDFLAGS = (
					"$(inherited)",
					"-L$(DT_TOOLCHAIN_DIR)/usr/lib/swift/$(PLATFORM_NAME)",
				);
				PRODUCT_BUNDLE_IDENTIFIER = org.cucumberswift.ParallelHostlessTestsTV;
				PRODUCT_NAME = ParallelHostlessTestsTV;
				SDKROOT = appletvos;
				SWIFT_COMPILATION_MODE = wholemodule;
				SWIFT_OPTIMIZATION_LEVEL = "-O";
				SWIFT_VERSION = 5.0;
				TARGETED_DEVICE_FAMILY = 3;
				TVOS_DEPLOYMENT_TARGET = 14.0;
			};
			name = Release;
		};
		D7DE8C7FC9F8A08311C31024 /* Release */ = {
			isa = XCBuildConfiguration;
			buildSettings = {
				ASSETCATALOG_COMPILER_APPICON_NAME = "App Icon & Top Shelf Image";
				ASSETCATALOG_COMPILER_GLOBAL_ACCENT_COLOR_NAME = AccentColor;
				ASSETCATALOG_COMPILER_LAUNCHIMAGE_NAME = LaunchImage;
				CODE_SIGN_IDENTITY = "-";
				CODE_SIGN_STYLE = Manual;
				ENABLE_PREVIEWS = YES;
				INFOPLIST_FILE = "Derived/InfoPlists/ParallelFixtureAppTV-Info.plist";
				LD_RUNPATH_SEARCH_PATHS = (
					"$(inherited)",
					"@executable_path/Frameworks",
				);
				OTHER_LDFLAGS = (
					"$(inherited)",
					"-L$(DT_TOOLCHAIN_DIR)/usr/lib/swift/$(PLATFORM_NAME)",
				);
				PRODUCT_BUNDLE_IDENTIFIER = org.cucumberswift.ParallelFixtureAppTV;
				PRODUCT_NAME = ParallelFixtureAppTV;
				SDKROOT = appletvos;
				SWIFT_COMPILATION_MODE = wholemodule;
				SWIFT_OPTIMIZATION_LEVEL = "-O";
				SWIFT_VERSION = 5.0;
				TARGETED_DEVICE_FAMILY = 3;
				TVOS_DEPLOYMENT_TARGET = 14.0;
			};
			name = Release;
		};
		DCE22B5B0876A01DB7D2D8BC /* Release */ = {
			isa = XCBuildConfiguration;
			buildSettings = {
				CODE_SIGN_IDENTITY = "-";
				CODE_SIGN_STYLE = Manual;
				INFOPLIST_FILE = "Derived/InfoPlists/ParallelHostlessTestsMac-Info.plist";
				LD_RUNPATH_SEARCH_PATHS = (
					"$(inherited)",
					"@executable_path/../Frameworks",
					"@loader_path/../Frameworks",
				);
				MACOSX_DEPLOYMENT_TARGET = 11.0;
				OTHER_LDFLAGS = (
					"$(inherited)",
					"-L$(DT_TOOLCHAIN_DIR)/usr/lib/swift/$(PLATFORM_NAME)",
				);
				PRODUCT_BUNDLE_IDENTIFIER = org.cucumberswift.ParallelHostlessTestsMac;
				PRODUCT_NAME = ParallelHostlessTestsMac;
				SDKROOT = macosx;
				SWIFT_COMPILATION_MODE = wholemodule;
				SWIFT_OPTIMIZATION_LEVEL = "-O";
				SWIFT_VERSION = 5.0;
			};
			name = Release;
		};
		E713B9438A7E5286ADF8F03D /* Release */ = {
			isa = XCBuildConfiguration;
			buildSettings = {
				CODE_SIGN_IDENTITY = "-";
				CODE_SIGN_STYLE = Manual;
				INFOPLIST_FILE = "Derived/InfoPlists/ParallelUITestsTV-Info.plist";
				LD_RUNPATH_SEARCH_PATHS = (
					"$(inherited)",
					"@executable_path/Frameworks",
					"@loader_path/Frameworks",
				);
				OTHER_LDFLAGS = (
					"$(inherited)",
					"-L$(DT_TOOLCHAIN_DIR)/usr/lib/swift/$(PLATFORM_NAME)",
				);
				PRODUCT_BUNDLE_IDENTIFIER = org.cucumberswift.ParallelUITestsTV;
				PRODUCT_NAME = ParallelUITestsTV;
				SDKROOT = appletvos;
				SWIFT_COMPILATION_MODE = wholemodule;
				SWIFT_OPTIMIZATION_LEVEL = "-O";
				SWIFT_VERSION = 5.0;
				TARGETED_DEVICE_FAMILY = 3;
				TEST_TARGET_NAME = ParallelFixtureAppTV;
				TVOS_DEPLOYMENT_TARGET = 14.0;
			};
			name = Release;
		};
/* End XCBuildConfiguration section */

/* Begin XCConfigurationList section */
		07BD9EBDAE52E30A6D578C2B /* Build configuration list for PBXNativeTarget "ParallelFixtureAppTV" */ = {
			isa = XCConfigurationList;
			buildConfigurations = (
				7C02910700DF9A6D3C0E6537 /* Debug */,
				D7DE8C7FC9F8A08311C31024 /* Release */,
			);
			defaultConfigurationIsVisible = 0;
			defaultConfigurationName = Release;
		};
		107A38427ACB582F56445575 /* Build configuration list for PBXNativeTarget "ParallelFixtureApp" */ = {
			isa = XCConfigurationList;
			buildConfigurations = (
				175BE5A3696D9DE2B1A86E4F /* Debug */,
				775E91B70BC5D32F24202CD8 /* Release */,
			);
			defaultConfigurationIsVisible = 0;
			defaultConfigurationName = Release;
		};
		21A258DFCC19C9C56AC4BAD9 /* Build configuration list for PBXNativeTarget "ParallelHostedTestsMac" */ = {
			isa = XCConfigurationList;
			buildConfigurations = (
				4F6D14A6B7733BC4BC11447B /* Debug */,
				3CA92DB032AB6DD567D34458 /* Release */,
			);
			defaultConfigurationIsVisible = 0;
			defaultConfigurationName = Release;
		};
		552EBFB9F85461CBF9053D30 /* Build configuration list for PBXNativeTarget "ParallelUITestsTV" */ = {
			isa = XCConfigurationList;
			buildConfigurations = (
				9790A8B50E4931B15DB311CF /* Debug */,
				E713B9438A7E5286ADF8F03D /* Release */,
			);
			defaultConfigurationIsVisible = 0;
			defaultConfigurationName = Release;
		};
		731192EAF36FB70CBFFFB125 /* Build configuration list for PBXNativeTarget "ParallelHostlessTestsTV" */ = {
			isa = XCConfigurationList;
			buildConfigurations = (
				71154CB47344AF068DECFBA3 /* Debug */,
				D328A69D90D40975591FDE38 /* Release */,
			);
			defaultConfigurationIsVisible = 0;
			defaultConfigurationName = Release;
		};
		913B7545641353F4C9591664 /* Build configuration list for PBXProject "ParallelFixtures" */ = {
			isa = XCConfigurationList;
			buildConfigurations = (
				1CE160BBFF7BE860DF9A7B96 /* Debug */,
				9C9367C108055305E69F9514 /* Release */,
			);
			defaultConfigurationIsVisible = 0;
			defaultConfigurationName = Release;
		};
		92F67E8FD7B6192D786C740A /* Build configuration list for PBXNativeTarget "ParallelHostedTestsTV" */ = {
			isa = XCConfigurationList;
			buildConfigurations = (
				2761737A7192CA335C887F3E /* Debug */,
				57EADA23472ED00FA51F9F26 /* Release */,
			);
			defaultConfigurationIsVisible = 0;
			defaultConfigurationName = Release;
		};
		B3A385D481D294167B0BCED7 /* Build configuration list for PBXNativeTarget "ParallelHostlessTests" */ = {
			isa = XCConfigurationList;
			buildConfigurations = (
				85376812BA2A48D12D8AC3C6 /* Debug */,
				AA3C032A47B739D73DE92F90 /* Release */,
			);
			defaultConfigurationIsVisible = 0;
			defaultConfigurationName = Release;
		};
		C2E78CE0A42FC089DFB892CA /* Build configuration list for PBXNativeTarget "ParallelUITestsMac" */ = {
			isa = XCConfigurationList;
			buildConfigurations = (
				7C002FEFCFC38DC9D9639376 /* Debug */,
				A9E35A28FEFC2AB80FEDCEBD /* Release */,
			);
			defaultConfigurationIsVisible = 0;
			defaultConfigurationName = Release;
		};
		C8194672981E5D8FD41C9E96 /* Build configuration list for PBXNativeTarget "ParallelHostlessTestsMac" */ = {
			isa = XCConfigurationList;
			buildConfigurations = (
				16C2DAA832FD6E3AD5B91A25 /* Debug */,
				DCE22B5B0876A01DB7D2D8BC /* Release */,
			);
			defaultConfigurationIsVisible = 0;
			defaultConfigurationName = Release;
		};
		D6C3D20D6360C504D46E90F0 /* Build configuration list for PBXNativeTarget "ParallelFixtureAppMac" */ = {
			isa = XCConfigurationList;
			buildConfigurations = (
				904C92F1697D1B74937D28CD /* Debug */,
				3E9BD6902A3264F460ABC5A3 /* Release */,
			);
			defaultConfigurationIsVisible = 0;
			defaultConfigurationName = Release;
		};
		DAA520B81C478CCEA9E9344B /* Build configuration list for PBXNativeTarget "ParallelUITests" */ = {
			isa = XCConfigurationList;
			buildConfigurations = (
				3260A9AEA9DD52BAD4047097 /* Debug */,
				734151BEC58046861CB43FF2 /* Release */,
			);
			defaultConfigurationIsVisible = 0;
			defaultConfigurationName = Release;
		};
		F33B8425ECB7CC6C1D5B844F /* Build configuration list for PBXNativeTarget "ParallelHostedTests" */ = {
			isa = XCConfigurationList;
			buildConfigurations = (
				3B777A5800C7D2EEF28910DA /* Debug */,
				7C7837A775DAE20B102AA532 /* Release */,
			);
			defaultConfigurationIsVisible = 0;
			defaultConfigurationName = Release;
		};
/* End XCConfigurationList section */

/* Begin XCLocalSwiftPackageReference section */
		CEFB78D79E00581AA5FB769B /* XCLocalSwiftPackageReference "../.." */ = {
			isa = XCLocalSwiftPackageReference;
			relativePath = ../..;
		};
/* End XCLocalSwiftPackageReference section */

/* Begin XCSwiftPackageProductDependency section */
		3AA25AA614DD5958A50E89D1 /* CucumberSwift */ = {
			isa = XCSwiftPackageProductDependency;
			productName = CucumberSwift;
		};
		3D90CD849D10B290CD6E3D22 /* CucumberSwift */ = {
			isa = XCSwiftPackageProductDependency;
			productName = CucumberSwift;
		};
		6E2298D22D5C80FF904C7D77 /* CucumberSwift */ = {
			isa = XCSwiftPackageProductDependency;
			productName = CucumberSwift;
		};
		7F1939F76CC1B46E8BBD8403 /* CucumberSwift */ = {
			isa = XCSwiftPackageProductDependency;
			productName = CucumberSwift;
		};
		9633706050356E6E06B60C9B /* CucumberSwift */ = {
			isa = XCSwiftPackageProductDependency;
			productName = CucumberSwift;
		};
		A39B1A773D0D126CAAE69F80 /* CucumberSwift */ = {
			isa = XCSwiftPackageProductDependency;
			productName = CucumberSwift;
		};
		DE781ACCE52C2CDCF1251E1A /* CucumberSwift */ = {
			isa = XCSwiftPackageProductDependency;
			productName = CucumberSwift;
		};
		E0A6B6BD25D52FCB77059478 /* CucumberSwift */ = {
			isa = XCSwiftPackageProductDependency;
			productName = CucumberSwift;
		};
		FE25F72350DFF7DBE23219DD /* CucumberSwift */ = {
			isa = XCSwiftPackageProductDependency;
			productName = CucumberSwift;
		};
/* End XCSwiftPackageProductDependency section */
	};
	rootObject = 142147ACD417611C1A01FAC7 /* Project object */;
}
